// !$*UTF8*$!
{
	archiveVersion = 1;
	classes = {
	};
	objectVersion = 56;
	objects = {

/* Begin PBXBuildFile section */
		6F4580D92B5EE1D600869FF9 /* SnapKit in Frameworks */ = {isa = PBXBuildFile; productRef = 6F4580D82B5EE1D600869FF9 /* SnapKit */; };
		6F61E49C2B5D8A0B00F8AB20 /* AppDelegate.swift in Sources */ = {isa = PBXBuildFile; fileRef = 6F61E49B2B5D8A0B00F8AB20 /* AppDelegate.swift */; };
		6F61E49E2B5D8A0B00F8AB20 /* SceneDelegate.swift in Sources */ = {isa = PBXBuildFile; fileRef = 6F61E49D2B5D8A0B00F8AB20 /* SceneDelegate.swift */; };
		6F61E4A02B5D8A0B00F8AB20 /* OnboardingViewController.swift in Sources */ = {isa = PBXBuildFile; fileRef = 6F61E49F2B5D8A0B00F8AB20 /* OnboardingViewController.swift */; };
		6F61E4A52B5D8A0D00F8AB20 /* Assets.xcassets in Resources */ = {isa = PBXBuildFile; fileRef = 6F61E4A42B5D8A0D00F8AB20 /* Assets.xcassets */; };
		6F61E4A82B5D8A0D00F8AB20 /* LaunchScreen.storyboard in Resources */ = {isa = PBXBuildFile; fileRef = 6F61E4A62B5D8A0D00F8AB20 /* LaunchScreen.storyboard */; };
		6F61E4C92B5E997500F8AB20 /* UIColor+Extension.swift in Sources */ = {isa = PBXBuildFile; fileRef = 6F61E4C82B5E997500F8AB20 /* UIColor+Extension.swift */; };
		6F61E4CB2B5E9AB700F8AB20 /* UIFont+Extension.swift in Sources */ = {isa = PBXBuildFile; fileRef = 6F61E4CA2B5E9AB700F8AB20 /* UIFont+Extension.swift */; };
		6F61E4CD2B5EA50700F8AB20 /* OnboardingModel.swift in Sources */ = {isa = PBXBuildFile; fileRef = 6F61E4CC2B5EA50700F8AB20 /* OnboardingModel.swift */; };
		6F61E4CF2B5EA58600F8AB20 /* String+Extension.swift in Sources */ = {isa = PBXBuildFile; fileRef = 6F61E4CE2B5EA58600F8AB20 /* String+Extension.swift */; };
		6F61E4D92B5EA89800F8AB20 /* Localizable.strings in Resources */ = {isa = PBXBuildFile; fileRef = 6F61E4DB2B5EA89800F8AB20 /* Localizable.strings */; };
		6F61E4DF2B5EA8F100F8AB20 /* OnboardingCollectionCell.swift in Sources */ = {isa = PBXBuildFile; fileRef = 6F61E4DE2B5EA8F100F8AB20 /* OnboardingCollectionCell.swift */; };
		6F61E4E52B5ED4B300F8AB20 /* Roboto-Light.ttf in Resources */ = {isa = PBXBuildFile; fileRef = 6F61E4E32B5ED4B300F8AB20 /* Roboto-Light.ttf */; };
		6F61E4E62B5ED4B300F8AB20 /* Roboto-Bold.ttf in Resources */ = {isa = PBXBuildFile; fileRef = 6F61E4E42B5ED4B300F8AB20 /* Roboto-Bold.ttf */; };
		6F61E4E82B5ED89C00F8AB20 /* Roboto-Medium.ttf in Resources */ = {isa = PBXBuildFile; fileRef = 6F61E4E72B5ED89B00F8AB20 /* Roboto-Medium.ttf */; };
/* End PBXBuildFile section */

/* Begin PBXCopyFilesBuildPhase section */
		6F61E4EC2B5EDC4500F8AB20 /* Embed Frameworks */ = {
			isa = PBXCopyFilesBuildPhase;
			buildActionMask = 2147483647;
			dstPath = "";
			dstSubfolderSpec = 10;
			files = (
			);
			name = "Embed Frameworks";
			runOnlyForDeploymentPostprocessing = 0;
		};
/* End PBXCopyFilesBuildPhase section */

/* Begin PBXFileReference section */
		6F4580D62B5EDFB200869FF9 /* KirisShygysAppStore.app */ = {isa = PBXFileReference; explicitFileType = wrapper.application; includeInIndex = 0; path = KirisShygysAppStore.app; sourceTree = BUILT_PRODUCTS_DIR; };
		6F61E49B2B5D8A0B00F8AB20 /* AppDelegate.swift */ = {isa = PBXFileReference; lastKnownFileType = sourcecode.swift; path = AppDelegate.swift; sourceTree = "<group>"; };
		6F61E49D2B5D8A0B00F8AB20 /* SceneDelegate.swift */ = {isa = PBXFileReference; lastKnownFileType = sourcecode.swift; path = SceneDelegate.swift; sourceTree = "<group>"; };
		6F61E49F2B5D8A0B00F8AB20 /* OnboardingViewController.swift */ = {isa = PBXFileReference; lastKnownFileType = sourcecode.swift; path = OnboardingViewController.swift; sourceTree = "<group>"; };
		6F61E4A42B5D8A0D00F8AB20 /* Assets.xcassets */ = {isa = PBXFileReference; lastKnownFileType = folder.assetcatalog; path = Assets.xcassets; sourceTree = "<group>"; };
		6F61E4A72B5D8A0D00F8AB20 /* Base */ = {isa = PBXFileReference; lastKnownFileType = file.storyboard; name = Base; path = Base.lproj/LaunchScreen.storyboard; sourceTree = "<group>"; };
		6F61E4A92B5D8A0D00F8AB20 /* Info.plist */ = {isa = PBXFileReference; lastKnownFileType = text.plist.xml; path = Info.plist; sourceTree = "<group>"; };
		6F61E4C82B5E997500F8AB20 /* UIColor+Extension.swift */ = {isa = PBXFileReference; lastKnownFileType = sourcecode.swift; path = "UIColor+Extension.swift"; sourceTree = "<group>"; };
		6F61E4CA2B5E9AB700F8AB20 /* UIFont+Extension.swift */ = {isa = PBXFileReference; lastKnownFileType = sourcecode.swift; path = "UIFont+Extension.swift"; sourceTree = "<group>"; };
		6F61E4CC2B5EA50700F8AB20 /* OnboardingModel.swift */ = {isa = PBXFileReference; lastKnownFileType = sourcecode.swift; path = OnboardingModel.swift; sourceTree = "<group>"; };
		6F61E4CE2B5EA58600F8AB20 /* String+Extension.swift */ = {isa = PBXFileReference; lastKnownFileType = sourcecode.swift; path = "String+Extension.swift"; sourceTree = "<group>"; };
		6F61E4DA2B5EA89800F8AB20 /* en */ = {isa = PBXFileReference; lastKnownFileType = text.plist.strings; name = en; path = en.lproj/Localizable.strings; sourceTree = "<group>"; };
		6F61E4DC2B5EA8B000F8AB20 /* ru */ = {isa = PBXFileReference; lastKnownFileType = text.plist.strings; name = ru; path = ru.lproj/LaunchScreen.strings; sourceTree = "<group>"; };
		6F61E4DD2B5EA8B000F8AB20 /* ru */ = {isa = PBXFileReference; lastKnownFileType = text.plist.strings; name = ru; path = ru.lproj/Localizable.strings; sourceTree = "<group>"; };
		6F61E4DE2B5EA8F100F8AB20 /* OnboardingCollectionCell.swift */ = {isa = PBXFileReference; lastKnownFileType = sourcecode.swift; path = OnboardingCollectionCell.swift; sourceTree = "<group>"; };
		6F61E4E32B5ED4B300F8AB20 /* Roboto-Light.ttf */ = {isa = PBXFileReference; lastKnownFileType = file; path = "Roboto-Light.ttf"; sourceTree = "<group>"; };
		6F61E4E42B5ED4B300F8AB20 /* Roboto-Bold.ttf */ = {isa = PBXFileReference; lastKnownFileType = file; path = "Roboto-Bold.ttf"; sourceTree = "<group>"; };
		6F61E4E72B5ED89B00F8AB20 /* Roboto-Medium.ttf */ = {isa = PBXFileReference; lastKnownFileType = file; path = "Roboto-Medium.ttf"; sourceTree = "<group>"; };
/* End PBXFileReference section */

/* Begin PBXFrameworksBuildPhase section */
		6F61E4952B5D8A0B00F8AB20 /* Frameworks */ = {
			isa = PBXFrameworksBuildPhase;
			buildActionMask = 2147483647;
			files = (
				6F4580D92B5EE1D600869FF9 /* SnapKit in Frameworks */,
			);
			runOnlyForDeploymentPostprocessing = 0;
		};
/* End PBXFrameworksBuildPhase section */

/* Begin PBXGroup section */
		6F4580DA2B5F631500869FF9 /* RegistrationModule */ = {
			isa = PBXGroup;
			children = (
				6F4580DD2B5F636400869FF9 /* Model */,
				6F4580DC2B5F635500869FF9 /* View */,
				6F4580DB2B5F633C00869FF9 /* Presenter */,
			);
			path = RegistrationModule;
			sourceTree = "<group>";
		};
		6F4580DB2B5F633C00869FF9 /* Presenter */ = {
			isa = PBXGroup;
			children = (
			);
			path = Presenter;
			sourceTree = "<group>";
		};
		6F4580DC2B5F635500869FF9 /* View */ = {
			isa = PBXGroup;
			children = (
			);
			path = View;
			sourceTree = "<group>";
		};
		6F4580DD2B5F636400869FF9 /* Model */ = {
			isa = PBXGroup;
			children = (
			);
			path = Model;
			sourceTree = "<group>";
		};
		6F61E48F2B5D8A0B00F8AB20 = {
			isa = PBXGroup;
			children = (
				6F61E49A2B5D8A0B00F8AB20 /* KirisShygysAppStore */,
				6F4580D62B5EDFB200869FF9 /* KirisShygysAppStore.app */,
			);
			sourceTree = "<group>";
		};
		6F61E49A2B5D8A0B00F8AB20 /* KirisShygysAppStore */ = {
			isa = PBXGroup;
			children = (
				6F61E4C72B5E996300F8AB20 /* Support */,
				6F61E4B02B5E694100F8AB20 /* AppConfiguration */,
				6F61E4AF2B5E691D00F8AB20 /* OnboardingModule */,
				6F4580DA2B5F631500869FF9 /* RegistrationModule */,
			);
			path = KirisShygysAppStore;
			sourceTree = "<group>";
		};
		6F61E4AF2B5E691D00F8AB20 /* OnboardingModule */ = {
			isa = PBXGroup;
			children = (
				6F61E4B32B5E6AA700F8AB20 /* Model */,
				6F61E4B22B5E6AA100F8AB20 /* View */,
				6F61E4B12B5E6A9600F8AB20 /* Presenter */,
			);
			path = OnboardingModule;
			sourceTree = "<group>";
		};
		6F61E4B02B5E694100F8AB20 /* AppConfiguration */ = {
			isa = PBXGroup;
			children = (
				6F61E49B2B5D8A0B00F8AB20 /* AppDelegate.swift */,
				6F61E49D2B5D8A0B00F8AB20 /* SceneDelegate.swift */,
				6F61E4A42B5D8A0D00F8AB20 /* Assets.xcassets */,
				6F61E4A62B5D8A0D00F8AB20 /* LaunchScreen.storyboard */,
				6F61E4A92B5D8A0D00F8AB20 /* Info.plist */,
			);
			path = AppConfiguration;
			sourceTree = "<group>";
		};
		6F61E4B12B5E6A9600F8AB20 /* Presenter */ = {
			isa = PBXGroup;
			children = (
			);
			path = Presenter;
			sourceTree = "<group>";
		};
		6F61E4B22B5E6AA100F8AB20 /* View */ = {
			isa = PBXGroup;
			children = (
				6F61E49F2B5D8A0B00F8AB20 /* OnboardingViewController.swift */,
				6F61E4DE2B5EA8F100F8AB20 /* OnboardingCollectionCell.swift */,
			);
			path = View;
			sourceTree = "<group>";
		};
		6F61E4B32B5E6AA700F8AB20 /* Model */ = {
			isa = PBXGroup;
			children = (
				6F61E4CC2B5EA50700F8AB20 /* OnboardingModel.swift */,
			);
			path = Model;
			sourceTree = "<group>";
		};
		6F61E4C72B5E996300F8AB20 /* Support */ = {
			isa = PBXGroup;
			children = (
				6F61E4E02B5ED43A00F8AB20 /* Fonts */,
				6F61E4D12B5EA85200F8AB20 /* Localization */,
				6F61E4C82B5E997500F8AB20 /* UIColor+Extension.swift */,
				6F61E4CA2B5E9AB700F8AB20 /* UIFont+Extension.swift */,
				6F61E4CE2B5EA58600F8AB20 /* String+Extension.swift */,
			);
			path = Support;
			sourceTree = "<group>";
		};
		6F61E4D12B5EA85200F8AB20 /* Localization */ = {
			isa = PBXGroup;
			children = (
				6F61E4DB2B5EA89800F8AB20 /* Localizable.strings */,
			);
			path = Localization;
			sourceTree = "<group>";
		};
		6F61E4E02B5ED43A00F8AB20 /* Fonts */ = {
			isa = PBXGroup;
			children = (
				6F61E4E72B5ED89B00F8AB20 /* Roboto-Medium.ttf */,
				6F61E4E42B5ED4B300F8AB20 /* Roboto-Bold.ttf */,
				6F61E4E32B5ED4B300F8AB20 /* Roboto-Light.ttf */,
			);
			path = Fonts;
			sourceTree = "<group>";
		};
/* End PBXGroup section */

/* Begin PBXNativeTarget section */
		6F61E4972B5D8A0B00F8AB20 /* KirisShygysAppStore */ = {
			isa = PBXNativeTarget;
			buildConfigurationList = 6F61E4AC2B5D8A0D00F8AB20 /* Build configuration list for PBXNativeTarget "KirisShygysAppStore" */;
			buildPhases = (
				6F61E4942B5D8A0B00F8AB20 /* Sources */,
				6F61E4952B5D8A0B00F8AB20 /* Frameworks */,
				6F61E4962B5D8A0B00F8AB20 /* Resources */,
				6F61E4EC2B5EDC4500F8AB20 /* Embed Frameworks */,
			);
			buildRules = (
			);
			dependencies = (
			);
			name = KirisShygysAppStore;
			packageProductDependencies = (
				6F4580D82B5EE1D600869FF9 /* SnapKit */,
			);
			productName = KirisShygysAppAppStoreVersion;
			productReference = 6F4580D62B5EDFB200869FF9 /* KirisShygysAppStore.app */;
			productType = "com.apple.product-type.application";
		};
/* End PBXNativeTarget section */

/* Begin PBXProject section */
		6F61E4902B5D8A0B00F8AB20 /* Project object */ = {
			isa = PBXProject;
			attributes = {
				BuildIndependentTargetsInParallel = 1;
				LastSwiftUpdateCheck = 1500;
				LastUpgradeCheck = 1500;
				TargetAttributes = {
					6F61E4972B5D8A0B00F8AB20 = {
						CreatedOnToolsVersion = 15.0.1;
					};
				};
			};
			buildConfigurationList = 6F61E4932B5D8A0B00F8AB20 /* Build configuration list for PBXProject "KirisShygysAppStore" */;
			compatibilityVersion = "Xcode 14.0";
			developmentRegion = en;
			hasScannedForEncodings = 0;
			knownRegions = (
				en,
				Base,
				ru,
			);
			mainGroup = 6F61E48F2B5D8A0B00F8AB20;
			packageReferences = (
				6F4580D72B5EE1D600869FF9 /* XCRemoteSwiftPackageReference "SnapKit" */,
			);
			productRefGroup = 6F61E48F2B5D8A0B00F8AB20;
			projectDirPath = "";
			projectRoot = "";
			targets = (
				6F61E4972B5D8A0B00F8AB20 /* KirisShygysAppStore */,
			);
		};
/* End PBXProject section */

/* Begin PBXResourcesBuildPhase section */
		6F61E4962B5D8A0B00F8AB20 /* Resources */ = {
			isa = PBXResourcesBuildPhase;
			buildActionMask = 2147483647;
			files = (
				6F61E4A82B5D8A0D00F8AB20 /* LaunchScreen.storyboard in Resources */,
				6F61E4D92B5EA89800F8AB20 /* Localizable.strings in Resources */,
				6F61E4E82B5ED89C00F8AB20 /* Roboto-Medium.ttf in Resources */,
				6F61E4E62B5ED4B300F8AB20 /* Roboto-Bold.ttf in Resources */,
				6F61E4E52B5ED4B300F8AB20 /* Roboto-Light.ttf in Resources */,
				6F61E4A52B5D8A0D00F8AB20 /* Assets.xcassets in Resources */,
			);
			runOnlyForDeploymentPostprocessing = 0;
		};
/* End PBXResourcesBuildPhase section */

/* Begin PBXSourcesBuildPhase section */
		6F61E4942B5D8A0B00F8AB20 /* Sources */ = {
			isa = PBXSourcesBuildPhase;
			buildActionMask = 2147483647;
			files = (
				6F61E4DF2B5EA8F100F8AB20 /* OnboardingCollectionCell.swift in Sources */,
				6F61E4A02B5D8A0B00F8AB20 /* OnboardingViewController.swift in Sources */,
				6F61E49C2B5D8A0B00F8AB20 /* AppDelegate.swift in Sources */,
				6F61E4CD2B5EA50700F8AB20 /* OnboardingModel.swift in Sources */,
				6F61E4CF2B5EA58600F8AB20 /* String+Extension.swift in Sources */,
				6F61E49E2B5D8A0B00F8AB20 /* SceneDelegate.swift in Sources */,
				6F61E4CB2B5E9AB700F8AB20 /* UIFont+Extension.swift in Sources */,
				6F61E4C92B5E997500F8AB20 /* UIColor+Extension.swift in Sources */,
			);
			runOnlyForDeploymentPostprocessing = 0;
		};
/* End PBXSourcesBuildPhase section */

/* Begin PBXVariantGroup section */
		6F61E4A62B5D8A0D00F8AB20 /* LaunchScreen.storyboard */ = {
			isa = PBXVariantGroup;
			children = (
				6F61E4A72B5D8A0D00F8AB20 /* Base */,
				6F61E4DC2B5EA8B000F8AB20 /* ru */,
			);
			name = LaunchScreen.storyboard;
			sourceTree = "<group>";
		};
		6F61E4DB2B5EA89800F8AB20 /* Localizable.strings */ = {
			isa = PBXVariantGroup;
			children = (
				6F61E4DA2B5EA89800F8AB20 /* en */,
				6F61E4DD2B5EA8B000F8AB20 /* ru */,
			);
			name = Localizable.strings;
			sourceTree = "<group>";
		};
/* End PBXVariantGroup section */

/* Begin XCBuildConfiguration section */
		6F61E4AA2B5D8A0D00F8AB20 /* Debug */ = {
			isa = XCBuildConfiguration;
			buildSettings = {
				ALWAYS_SEARCH_USER_PATHS = NO;
				ASSETCATALOG_COMPILER_GENERATE_SWIFT_ASSET_SYMBOL_EXTENSIONS = YES;
				CLANG_ANALYZER_LOCALIZABILITY_NONLOCALIZED = YES;
				CLANG_ANALYZER_NONNULL = YES;
				CLANG_ANALYZER_NUMBER_OBJECT_CONVERSION = YES_AGGRESSIVE;
				CLANG_CXX_LANGUAGE_STANDARD = "gnu++20";
				CLANG_ENABLE_MODULES = YES;
				CLANG_ENABLE_OBJC_ARC = YES;
				CLANG_ENABLE_OBJC_WEAK = YES;
				CLANG_WARN_BLOCK_CAPTURE_AUTORELEASING = YES;
				CLANG_WARN_BOOL_CONVERSION = YES;
				CLANG_WARN_COMMA = YES;
				CLANG_WARN_CONSTANT_CONVERSION = YES;
				CLANG_WARN_DEPRECATED_OBJC_IMPLEMENTATIONS = YES;
				CLANG_WARN_DIRECT_OBJC_ISA_USAGE = YES_ERROR;
				CLANG_WARN_DOCUMENTATION_COMMENTS = YES;
				CLANG_WARN_EMPTY_BODY = YES;
				CLANG_WARN_ENUM_CONVERSION = YES;
				CLANG_WARN_INFINITE_RECURSION = YES;
				CLANG_WARN_INT_CONVERSION = YES;
				CLANG_WARN_NON_LITERAL_NULL_CONVERSION = YES;
				CLANG_WARN_OBJC_IMPLICIT_RETAIN_SELF = YES;
				CLANG_WARN_OBJC_LITERAL_CONVERSION = YES;
				CLANG_WARN_OBJC_ROOT_CLASS = YES_ERROR;
				CLANG_WARN_QUOTED_INCLUDE_IN_FRAMEWORK_HEADER = YES;
				CLANG_WARN_RANGE_LOOP_ANALYSIS = YES;
				CLANG_WARN_STRICT_PROTOTYPES = YES;
				CLANG_WARN_SUSPICIOUS_MOVE = YES;
				CLANG_WARN_UNGUARDED_AVAILABILITY = YES_AGGRESSIVE;
				CLANG_WARN_UNREACHABLE_CODE = YES;
				CLANG_WARN__DUPLICATE_METHOD_MATCH = YES;
				COPY_PHASE_STRIP = NO;
				DEBUG_INFORMATION_FORMAT = dwarf;
				ENABLE_STRICT_OBJC_MSGSEND = YES;
				ENABLE_TESTABILITY = YES;
				ENABLE_USER_SCRIPT_SANDBOXING = YES;
				GCC_C_LANGUAGE_STANDARD = gnu17;
				GCC_DYNAMIC_NO_PIC = NO;
				GCC_NO_COMMON_BLOCKS = YES;
				GCC_OPTIMIZATION_LEVEL = 0;
				GCC_PREPROCESSOR_DEFINITIONS = (
					"DEBUG=1",
					"$(inherited)",
				);
				GCC_WARN_64_TO_32_BIT_CONVERSION = YES;
				GCC_WARN_ABOUT_RETURN_TYPE = YES_ERROR;
				GCC_WARN_UNDECLARED_SELECTOR = YES;
				GCC_WARN_UNINITIALIZED_AUTOS = YES_AGGRESSIVE;
				GCC_WARN_UNUSED_FUNCTION = YES;
				GCC_WARN_UNUSED_VARIABLE = YES;
				INFOPLIST_FILE = KirisShygysAppStore/AppConfiguration/Info.plist;
				IPHONEOS_DEPLOYMENT_TARGET = 15.0;
				LOCALIZATION_PREFERS_STRING_CATALOGS = YES;
				MTL_ENABLE_DEBUG_INFO = INCLUDE_SOURCE;
				MTL_FAST_MATH = YES;
				ONLY_ACTIVE_ARCH = YES;
				SDKROOT = iphoneos;
				SWIFT_ACTIVE_COMPILATION_CONDITIONS = "DEBUG $(inherited)";
				SWIFT_OPTIMIZATION_LEVEL = "-Onone";
			};
			name = Debug;
		};
		6F61E4AB2B5D8A0D00F8AB20 /* Release */ = {
			isa = XCBuildConfiguration;
			buildSettings = {
				ALWAYS_SEARCH_USER_PATHS = NO;
				ASSETCATALOG_COMPILER_GENERATE_SWIFT_ASSET_SYMBOL_EXTENSIONS = YES;
				CLANG_ANALYZER_LOCALIZABILITY_NONLOCALIZED = YES;
				CLANG_ANALYZER_NONNULL = YES;
				CLANG_ANALYZER_NUMBER_OBJECT_CONVERSION = YES_AGGRESSIVE;
				CLANG_CXX_LANGUAGE_STANDARD = "gnu++20";
				CLANG_ENABLE_MODULES = YES;
				CLANG_ENABLE_OBJC_ARC = YES;
				CLANG_ENABLE_OBJC_WEAK = YES;
				CLANG_WARN_BLOCK_CAPTURE_AUTORELEASING = YES;
				CLANG_WARN_BOOL_CONVERSION = YES;
				CLANG_WARN_COMMA = YES;
				CLANG_WARN_CONSTANT_CONVERSION = YES;
				CLANG_WARN_DEPRECATED_OBJC_IMPLEMENTATIONS = YES;
				CLANG_WARN_DIRECT_OBJC_ISA_USAGE = YES_ERROR;
				CLANG_WARN_DOCUMENTATION_COMMENTS = YES;
				CLANG_WARN_EMPTY_BODY = YES;
				CLANG_WARN_ENUM_CONVERSION = YES;
				CLANG_WARN_INFINITE_RECURSION = YES;
				CLANG_WARN_INT_CONVERSION = YES;
				CLANG_WARN_NON_LITERAL_NULL_CONVERSION = YES;
				CLANG_WARN_OBJC_IMPLICIT_RETAIN_SELF = YES;
				CLANG_WARN_OBJC_LITERAL_CONVERSION = YES;
				CLANG_WARN_OBJC_ROOT_CLASS = YES_ERROR;
				CLANG_WARN_QUOTED_INCLUDE_IN_FRAMEWORK_HEADER = YES;
				CLANG_WARN_RANGE_LOOP_ANALYSIS = YES;
				CLANG_WARN_STRICT_PROTOTYPES = YES;
				CLANG_WARN_SUSPICIOUS_MOVE = YES;
				CLANG_WARN_UNGUARDED_AVAILABILITY = YES_AGGRESSIVE;
				CLANG_WARN_UNREACHABLE_CODE = YES;
				CLANG_WARN__DUPLICATE_METHOD_MATCH = YES;
				COPY_PHASE_STRIP = NO;
				DEBUG_INFORMATION_FORMAT = "dwarf-with-dsym";
				ENABLE_NS_ASSERTIONS = NO;
				ENABLE_STRICT_OBJC_MSGSEND = YES;
				ENABLE_USER_SCRIPT_SANDBOXING = YES;
				GCC_C_LANGUAGE_STANDARD = gnu17;
				GCC_NO_COMMON_BLOCKS = YES;
				GCC_WARN_64_TO_32_BIT_CONVERSION = YES;
				GCC_WARN_ABOUT_RETURN_TYPE = YES_ERROR;
				GCC_WARN_UNDECLARED_SELECTOR = YES;
				GCC_WARN_UNINITIALIZED_AUTOS = YES_AGGRESSIVE;
				GCC_WARN_UNUSED_FUNCTION = YES;
				GCC_WARN_UNUSED_VARIABLE = YES;
				INFOPLIST_FILE = KirisShygysAppStore/AppConfiguration/Info.plist;
				IPHONEOS_DEPLOYMENT_TARGET = 15.0;
				LOCALIZATION_PREFERS_STRING_CATALOGS = YES;
				MTL_ENABLE_DEBUG_INFO = NO;
				MTL_FAST_MATH = YES;
				SDKROOT = iphoneos;
				SWIFT_COMPILATION_MODE = wholemodule;
				VALIDATE_PRODUCT = YES;
			};
			name = Release;
		};
		6F61E4AD2B5D8A0D00F8AB20 /* Debug */ = {
			isa = XCBuildConfiguration;
			buildSettings = {
				ASSETCATALOG_COMPILER_APPICON_NAME = AppIcon;
				ASSETCATALOG_COMPILER_GLOBAL_ACCENT_COLOR_NAME = AccentColor;
				CODE_SIGN_STYLE = Automatic;
				CURRENT_PROJECT_VERSION = 1;
				DEVELOPMENT_TEAM = FDQK3FFVD6;
				GENERATE_INFOPLIST_FILE = YES;
				INFOPLIST_FILE = KirisShygysAppStore/AppConfiguration/Info.plist;
				INFOPLIST_KEY_CFBundleDisplayName = "kiris shygys";
				INFOPLIST_KEY_UIApplicationSupportsIndirectInputEvents = YES;
				INFOPLIST_KEY_UILaunchStoryboardName = LaunchScreen;
				INFOPLIST_KEY_UISupportedInterfaceOrientations = "UIInterfaceOrientationLandscapeLeft UIInterfaceOrientationLandscapeRight UIInterfaceOrientationPortrait";
				INFOPLIST_KEY_UISupportedInterfaceOrientations_iPad = "UIInterfaceOrientationLandscapeLeft UIInterfaceOrientationLandscapeRight UIInterfaceOrientationPortrait UIInterfaceOrientationPortraitUpsideDown";
				IPHONEOS_DEPLOYMENT_TARGET = 15.0;
				LD_RUNPATH_SEARCH_PATHS = (
					"$(inherited)",
					"@executable_path/Frameworks",
				);
				MARKETING_VERSION = 1.0;
				PRODUCT_BUNDLE_IDENTIFIER = nuriks.KirisShygysAppAppStoreVersion;
				PRODUCT_NAME = "$(TARGET_NAME)";
				SUPPORTED_PLATFORMS = "iphoneos iphonesimulator";
				SUPPORTS_MACCATALYST = NO;
				SUPPORTS_MAC_DESIGNED_FOR_IPHONE_IPAD = NO;
				SWIFT_EMIT_LOC_STRINGS = YES;
				SWIFT_VERSION = 5.0;
				TARGETED_DEVICE_FAMILY = 1;
			};
			name = Debug;
		};
		6F61E4AE2B5D8A0D00F8AB20 /* Release */ = {
			isa = XCBuildConfiguration;
			buildSettings = {
				ASSETCATALOG_COMPILER_APPICON_NAME = AppIcon;
				ASSETCATALOG_COMPILER_GLOBAL_ACCENT_COLOR_NAME = AccentColor;
				CODE_SIGN_STYLE = Automatic;
				CURRENT_PROJECT_VERSION = 1;
				DEVELOPMENT_TEAM = FDQK3FFVD6;
				GENERATE_INFOPLIST_FILE = YES;
				INFOPLIST_FILE = KirisShygysAppStore/AppConfiguration/Info.plist;
				INFOPLIST_KEY_CFBundleDisplayName = "kiris shygys";
				INFOPLIST_KEY_UIApplicationSupportsIndirectInputEvents = YES;
				INFOPLIST_KEY_UILaunchStoryboardName = LaunchScreen;
				INFOPLIST_KEY_UISupportedInterfaceOrientations = "UIInterfaceOrientationLandscapeLeft UIInterfaceOrientationLandscapeRight UIInterfaceOrientationPortrait";
				INFOPLIST_KEY_UISupportedInterfaceOrientations_iPad = "UIInterfaceOrientationLandscapeLeft UIInterfaceOrientationLandscapeRight UIInterfaceOrientationPortrait UIInterfaceOrientationPortraitUpsideDown";
				IPHONEOS_DEPLOYMENT_TARGET = 15.0;
				LD_RUNPATH_SEARCH_PATHS = (
					"$(inherited)",
					"@executable_path/Frameworks",
				);
				MARKETING_VERSION = 1.0;
				PRODUCT_BUNDLE_IDENTIFIER = nuriks.KirisShygysAppAppStoreVersion;
				PRODUCT_NAME = "$(TARGET_NAME)";
				SUPPORTED_PLATFORMS = "iphoneos iphonesimulator";
				SUPPORTS_MACCATALYST = NO;
				SUPPORTS_MAC_DESIGNED_FOR_IPHONE_IPAD = NO;
				SWIFT_EMIT_LOC_STRINGS = YES;
				SWIFT_VERSION = 5.0;
				TARGETED_DEVICE_FAMILY = 1;
			};
			name = Release;
		};
/* End XCBuildConfiguration section */

/* Begin XCConfigurationList section */
		6F61E4932B5D8A0B00F8AB20 /* Build configuration list for PBXProject "KirisShygysAppStore" */ = {
			isa = XCConfigurationList;
			buildConfigurations = (
				6F61E4AA2B5D8A0D00F8AB20 /* Debug */,
				6F61E4AB2B5D8A0D00F8AB20 /* Release */,
			);
			defaultConfigurationIsVisible = 0;
			defaultConfigurationName = Debug;
		};
		6F61E4AC2B5D8A0D00F8AB20 /* Build configuration list for PBXNativeTarget "KirisShygysAppStore" */ = {
			isa = XCConfigurationList;
			buildConfigurations = (
				6F61E4AD2B5D8A0D00F8AB20 /* Debug */,
				6F61E4AE2B5D8A0D00F8AB20 /* Release */,
			);
			defaultConfigurationIsVisible = 0;
			defaultConfigurationName = Debug;
		};
/* End XCConfigurationList section */

/* Begin XCRemoteSwiftPackageReference section */
		6F4580D72B5EE1D600869FF9 /* XCRemoteSwiftPackageReference "SnapKit" */ = {
			isa = XCRemoteSwiftPackageReference;
			repositoryURL = "https://github.com/SnapKit/SnapKit";
			requirement = {
				kind = upToNextMajorVersion;
				minimumVersion = 5.7.0;
			};
		};
/* End XCRemoteSwiftPackageReference section */

/* Begin XCSwiftPackageProductDependency section */
		6F4580D82B5EE1D600869FF9 /* SnapKit */ = {
			isa = XCSwiftPackageProductDependency;
			package = 6F4580D72B5EE1D600869FF9 /* XCRemoteSwiftPackageReference "SnapKit" */;
			productName = SnapKit;
		};
/* End XCSwiftPackageProductDependency section */
	};
	rootObject = 6F61E4902B5D8A0B00F8AB20 /* Project object */;
}
