// !$*UTF8*$!
{
	archiveVersion = 1;
	classes = {
	};
	objectVersion = 56;
	objects = {

/* Begin PBXBuildFile section */
		6F0668642B825735003D8925 /* HistoryViewController.swift in Sources */ = {isa = PBXBuildFile; fileRef = 6F0668632B825735003D8925 /* HistoryViewController.swift */; };
		6F0668662B825762003D8925 /* HistoryPresenter.swift in Sources */ = {isa = PBXBuildFile; fileRef = 6F0668652B825762003D8925 /* HistoryPresenter.swift */; };
		6F0668682B8294EE003D8925 /* HistoryTableViewCell.swift in Sources */ = {isa = PBXBuildFile; fileRef = 6F0668672B8294EE003D8925 /* HistoryTableViewCell.swift */; };
		6F06686A2B83828C003D8925 /* HistoryModel.swift in Sources */ = {isa = PBXBuildFile; fileRef = 6F0668692B83828C003D8925 /* HistoryModel.swift */; };
		6F06686C2B838987003D8925 /* Date+Extension.swift in Sources */ = {isa = PBXBuildFile; fileRef = 6F06686B2B838987003D8925 /* Date+Extension.swift */; };
		6F0668722B839820003D8925 /* FilterViewController.swift in Sources */ = {isa = PBXBuildFile; fileRef = 6F0668712B839820003D8925 /* FilterViewController.swift */; };
		6F0668742B839F15003D8925 /* FilterModel.swift in Sources */ = {isa = PBXBuildFile; fileRef = 6F0668732B839F15003D8925 /* FilterModel.swift */; };
		6F075C9A2B907942003557F6 /* DGCharts in Frameworks */ = {isa = PBXBuildFile; productRef = 6F075C992B907942003557F6 /* DGCharts */; };
		6F0B87462B6141F200434150 /* AuthorizationViewController.swift in Sources */ = {isa = PBXBuildFile; fileRef = 6F0B87452B6141F200434150 /* AuthorizationViewController.swift */; };
		6F0B87482B618DD000434150 /* OnboardingPresenter.swift in Sources */ = {isa = PBXBuildFile; fileRef = 6F0B87472B618DD000434150 /* OnboardingPresenter.swift */; };
		6F0E031C2B78EE5F00B9FF21 /* HomePresenter.swift in Sources */ = {isa = PBXBuildFile; fileRef = 6F0E031B2B78EE5F00B9FF21 /* HomePresenter.swift */; };
		6F0E031E2B7921C200B9FF21 /* TransactionTableViewCell.swift in Sources */ = {isa = PBXBuildFile; fileRef = 6F0E031D2B7921C200B9FF21 /* TransactionTableViewCell.swift */; };
		6F0E03242B7A355300B9FF21 /* TransactionViewController.swift in Sources */ = {isa = PBXBuildFile; fileRef = 6F0E03232B7A355300B9FF21 /* TransactionViewController.swift */; };
		6F36899F2B6C07870052BAB7 /* UIViewController+Extension.swift in Sources */ = {isa = PBXBuildFile; fileRef = 6F36899E2B6C07870052BAB7 /* UIViewController+Extension.swift */; };
		6F40C9682B88CFB600CB3226 /* ReportPresenter.swift in Sources */ = {isa = PBXBuildFile; fileRef = 6F40C9672B88CFB600CB3226 /* ReportPresenter.swift */; };
		6F40C96A2B88FFA000CB3226 /* StoryCollectionViewCell.swift in Sources */ = {isa = PBXBuildFile; fileRef = 6F40C9692B88FFA000CB3226 /* StoryCollectionViewCell.swift */; };
		6F40C96C2B88FFAC00CB3226 /* QuoteCollectionViewCell.swift in Sources */ = {isa = PBXBuildFile; fileRef = 6F40C96B2B88FFAC00CB3226 /* QuoteCollectionViewCell.swift */; };
		6F40C96E2B890DDB00CB3226 /* ReportModel.swift in Sources */ = {isa = PBXBuildFile; fileRef = 6F40C96D2B890DDB00CB3226 /* ReportModel.swift */; };
		6F4580D92B5EE1D600869FF9 /* SnapKit in Frameworks */ = {isa = PBXBuildFile; productRef = 6F4580D82B5EE1D600869FF9 /* SnapKit */; };
		6F4580E52B601A0E00869FF9 /* NSObject+Extension.swift in Sources */ = {isa = PBXBuildFile; fileRef = 6F4580E42B601A0E00869FF9 /* NSObject+Extension.swift */; };
		6F4580E72B60FB0400869FF9 /* Roboto-Regular.ttf in Resources */ = {isa = PBXBuildFile; fileRef = 6F4580E62B60FB0400869FF9 /* Roboto-Regular.ttf */; };
		6F61E49C2B5D8A0B00F8AB20 /* AppDelegate.swift in Sources */ = {isa = PBXBuildFile; fileRef = 6F61E49B2B5D8A0B00F8AB20 /* AppDelegate.swift */; };
		6F61E49E2B5D8A0B00F8AB20 /* SceneDelegate.swift in Sources */ = {isa = PBXBuildFile; fileRef = 6F61E49D2B5D8A0B00F8AB20 /* SceneDelegate.swift */; };
		6F61E4A02B5D8A0B00F8AB20 /* OnboardingViewController.swift in Sources */ = {isa = PBXBuildFile; fileRef = 6F61E49F2B5D8A0B00F8AB20 /* OnboardingViewController.swift */; };
		6F61E4A52B5D8A0D00F8AB20 /* Assets.xcassets in Resources */ = {isa = PBXBuildFile; fileRef = 6F61E4A42B5D8A0D00F8AB20 /* Assets.xcassets */; };
		6F61E4A82B5D8A0D00F8AB20 /* LaunchScreen.storyboard in Resources */ = {isa = PBXBuildFile; fileRef = 6F61E4A62B5D8A0D00F8AB20 /* LaunchScreen.storyboard */; };
		6F61E4C92B5E997500F8AB20 /* UIColor+Extension.swift in Sources */ = {isa = PBXBuildFile; fileRef = 6F61E4C82B5E997500F8AB20 /* UIColor+Extension.swift */; };
		6F61E4CB2B5E9AB700F8AB20 /* UIFont+Extension.swift in Sources */ = {isa = PBXBuildFile; fileRef = 6F61E4CA2B5E9AB700F8AB20 /* UIFont+Extension.swift */; };
		6F61E4CD2B5EA50700F8AB20 /* OnboardingModel.swift in Sources */ = {isa = PBXBuildFile; fileRef = 6F61E4CC2B5EA50700F8AB20 /* OnboardingModel.swift */; };
		6F61E4CF2B5EA58600F8AB20 /* String+Extension.swift in Sources */ = {isa = PBXBuildFile; fileRef = 6F61E4CE2B5EA58600F8AB20 /* String+Extension.swift */; };
		6F61E4D92B5EA89800F8AB20 /* Localizable.strings in Resources */ = {isa = PBXBuildFile; fileRef = 6F61E4DB2B5EA89800F8AB20 /* Localizable.strings */; };
		6F61E4DF2B5EA8F100F8AB20 /* OnboardingCollectionCell.swift in Sources */ = {isa = PBXBuildFile; fileRef = 6F61E4DE2B5EA8F100F8AB20 /* OnboardingCollectionCell.swift */; };
		6F61E4E52B5ED4B300F8AB20 /* Roboto-Light.ttf in Resources */ = {isa = PBXBuildFile; fileRef = 6F61E4E32B5ED4B300F8AB20 /* Roboto-Light.ttf */; };
		6F61E4E62B5ED4B300F8AB20 /* Roboto-Bold.ttf in Resources */ = {isa = PBXBuildFile; fileRef = 6F61E4E42B5ED4B300F8AB20 /* Roboto-Bold.ttf */; };
		6F61E4E82B5ED89C00F8AB20 /* Roboto-Medium.ttf in Resources */ = {isa = PBXBuildFile; fileRef = 6F61E4E72B5ED89B00F8AB20 /* Roboto-Medium.ttf */; };
		6F6444352B65804A0018238D /* AuthenticationService.swift in Sources */ = {isa = PBXBuildFile; fileRef = 6F6444342B65804A0018238D /* AuthenticationService.swift */; };
		6F6444422B6580B70018238D /* FirebaseAnalytics in Frameworks */ = {isa = PBXBuildFile; productRef = 6F6444412B6580B70018238D /* FirebaseAnalytics */; };
		6F6444442B6580B70018238D /* FirebaseAnalyticsOnDeviceConversion in Frameworks */ = {isa = PBXBuildFile; productRef = 6F6444432B6580B70018238D /* FirebaseAnalyticsOnDeviceConversion */; };
		6F6444462B6580B70018238D /* FirebaseAnalyticsSwift in Frameworks */ = {isa = PBXBuildFile; productRef = 6F6444452B6580B70018238D /* FirebaseAnalyticsSwift */; };
		6F6444482B6580B70018238D /* FirebaseAnalyticsWithoutAdIdSupport in Frameworks */ = {isa = PBXBuildFile; productRef = 6F6444472B6580B70018238D /* FirebaseAnalyticsWithoutAdIdSupport */; };
		6F64444A2B6580B70018238D /* FirebaseAppCheck in Frameworks */ = {isa = PBXBuildFile; productRef = 6F6444492B6580B70018238D /* FirebaseAppCheck */; };
		6F64444C2B6580B70018238D /* FirebaseAppDistribution-Beta in Frameworks */ = {isa = PBXBuildFile; productRef = 6F64444B2B6580B70018238D /* FirebaseAppDistribution-Beta */; };
		6F64444E2B6580B70018238D /* FirebaseAuth in Frameworks */ = {isa = PBXBuildFile; productRef = 6F64444D2B6580B70018238D /* FirebaseAuth */; };
		6F6444502B6580B70018238D /* FirebaseAuthCombine-Community in Frameworks */ = {isa = PBXBuildFile; productRef = 6F64444F2B6580B70018238D /* FirebaseAuthCombine-Community */; };
		6F6444522B6580B70018238D /* FirebaseCrashlytics in Frameworks */ = {isa = PBXBuildFile; productRef = 6F6444512B6580B70018238D /* FirebaseCrashlytics */; };
		6F6444542B6580B70018238D /* FirebaseDatabase in Frameworks */ = {isa = PBXBuildFile; productRef = 6F6444532B6580B70018238D /* FirebaseDatabase */; };
		6F6444562B6580B70018238D /* FirebaseDatabaseSwift in Frameworks */ = {isa = PBXBuildFile; productRef = 6F6444552B6580B70018238D /* FirebaseDatabaseSwift */; };
		6F6444582B6580B70018238D /* FirebaseDynamicLinks in Frameworks */ = {isa = PBXBuildFile; productRef = 6F6444572B6580B70018238D /* FirebaseDynamicLinks */; };
		6F64445A2B6580B70018238D /* FirebaseFirestore in Frameworks */ = {isa = PBXBuildFile; productRef = 6F6444592B6580B70018238D /* FirebaseFirestore */; };
		6F64445C2B6580B70018238D /* FirebaseFirestoreCombine-Community in Frameworks */ = {isa = PBXBuildFile; productRef = 6F64445B2B6580B70018238D /* FirebaseFirestoreCombine-Community */; };
		6F64445E2B6580B70018238D /* FirebaseFirestoreSwift in Frameworks */ = {isa = PBXBuildFile; productRef = 6F64445D2B6580B70018238D /* FirebaseFirestoreSwift */; };
		6F6444602B6580B70018238D /* FirebaseFunctions in Frameworks */ = {isa = PBXBuildFile; productRef = 6F64445F2B6580B70018238D /* FirebaseFunctions */; };
		6F6444622B6580B70018238D /* FirebaseFunctionsCombine-Community in Frameworks */ = {isa = PBXBuildFile; productRef = 6F6444612B6580B70018238D /* FirebaseFunctionsCombine-Community */; };
		6F6444642B6580B70018238D /* FirebaseInAppMessaging-Beta in Frameworks */ = {isa = PBXBuildFile; productRef = 6F6444632B6580B70018238D /* FirebaseInAppMessaging-Beta */; };
		6F6444662B6580B70018238D /* FirebaseInAppMessagingSwift-Beta in Frameworks */ = {isa = PBXBuildFile; productRef = 6F6444652B6580B70018238D /* FirebaseInAppMessagingSwift-Beta */; };
		6F6444682B6580B70018238D /* FirebaseInstallations in Frameworks */ = {isa = PBXBuildFile; productRef = 6F6444672B6580B70018238D /* FirebaseInstallations */; };
		6F64446A2B6580B70018238D /* FirebaseMLModelDownloader in Frameworks */ = {isa = PBXBuildFile; productRef = 6F6444692B6580B70018238D /* FirebaseMLModelDownloader */; };
		6F64446C2B6580B70018238D /* FirebaseMessaging in Frameworks */ = {isa = PBXBuildFile; productRef = 6F64446B2B6580B70018238D /* FirebaseMessaging */; };
		6F64446E2B6580B70018238D /* FirebasePerformance in Frameworks */ = {isa = PBXBuildFile; productRef = 6F64446D2B6580B70018238D /* FirebasePerformance */; };
		6F6444702B6580B70018238D /* FirebaseRemoteConfig in Frameworks */ = {isa = PBXBuildFile; productRef = 6F64446F2B6580B70018238D /* FirebaseRemoteConfig */; };
		6F6444722B6580B70018238D /* FirebaseRemoteConfigSwift in Frameworks */ = {isa = PBXBuildFile; productRef = 6F6444712B6580B70018238D /* FirebaseRemoteConfigSwift */; };
		6F6444742B6580B70018238D /* FirebaseStorage in Frameworks */ = {isa = PBXBuildFile; productRef = 6F6444732B6580B70018238D /* FirebaseStorage */; };
		6F6444762B6580B70018238D /* FirebaseStorageCombine-Community in Frameworks */ = {isa = PBXBuildFile; productRef = 6F6444752B6580B70018238D /* FirebaseStorageCombine-Community */; };
		6F6444792B6580ED0018238D /* AuthorizationModel.swift in Sources */ = {isa = PBXBuildFile; fileRef = 6F6444782B6580ED0018238D /* AuthorizationModel.swift */; };
		6F64447C2B6581290018238D /* RegistrationModel.swift in Sources */ = {isa = PBXBuildFile; fileRef = 6F64447B2B6581290018238D /* RegistrationModel.swift */; };
		6F64447E2B65813D0018238D /* NetworkModel.swift in Sources */ = {isa = PBXBuildFile; fileRef = 6F64447D2B65813D0018238D /* NetworkModel.swift */; };
		6F6444802B6583BA0018238D /* GoogleService-Info.plist in Resources */ = {isa = PBXBuildFile; fileRef = 6F64447F2B6583BA0018238D /* GoogleService-Info.plist */; };
		6F6444832B6586400018238D /* RegistrationPresenter.swift in Sources */ = {isa = PBXBuildFile; fileRef = 6F6444822B6586400018238D /* RegistrationPresenter.swift */; };
		6F6444852B6593650018238D /* Validator.swift in Sources */ = {isa = PBXBuildFile; fileRef = 6F6444842B6593650018238D /* Validator.swift */; };
		6F6444882B65A0180018238D /* LoaderView.swift in Sources */ = {isa = PBXBuildFile; fileRef = 6F6444872B65A0180018238D /* LoaderView.swift */; };
		6F64448B2B66388C0018238D /* AlertManager.swift in Sources */ = {isa = PBXBuildFile; fileRef = 6F64448A2B66388C0018238D /* AlertManager.swift */; };
		6F6444902B663A130018238D /* HomeViewController.swift in Sources */ = {isa = PBXBuildFile; fileRef = 6F64448F2B663A130018238D /* HomeViewController.swift */; };
		6F6444932B6688880018238D /* AuthorizationPresenter.swift in Sources */ = {isa = PBXBuildFile; fileRef = 6F6444922B6688880018238D /* AuthorizationPresenter.swift */; };
		6F705A342B7B5E800029CB66 /* TransactionPresenter.swift in Sources */ = {isa = PBXBuildFile; fileRef = 6F705A332B7B5E800029CB66 /* TransactionPresenter.swift */; };
		6F705A362B7B5EF90029CB66 /* UserDataService.swift in Sources */ = {isa = PBXBuildFile; fileRef = 6F705A352B7B5EF90029CB66 /* UserDataService.swift */; };
		6F705A382B7B60CF0029CB66 /* TransactionModel.swift in Sources */ = {isa = PBXBuildFile; fileRef = 6F705A372B7B60CF0029CB66 /* TransactionModel.swift */; };
		6F705A3A2B7BA0420029CB66 /* NotificationCenterEnum.swift in Sources */ = {isa = PBXBuildFile; fileRef = 6F705A392B7BA0420029CB66 /* NotificationCenterEnum.swift */; };
		6F71A7802B8DBAC70099FED9 /* StatisticsModel.swift in Sources */ = {isa = PBXBuildFile; fileRef = 6F71A77F2B8DBAC70099FED9 /* StatisticsModel.swift */; };
		6F71A7822B8DBB660099FED9 /* StatisticsPresenter.swift in Sources */ = {isa = PBXBuildFile; fileRef = 6F71A7812B8DBB660099FED9 /* StatisticsPresenter.swift */; };
		6F71A7842B8DC3290099FED9 /* AbsenceDataView.swift in Sources */ = {isa = PBXBuildFile; fileRef = 6F71A7832B8DC3290099FED9 /* AbsenceDataView.swift */; };
		6F71A7862B8DEFF40099FED9 /* MoneyFlowTableViewCell.swift in Sources */ = {isa = PBXBuildFile; fileRef = 6F71A7852B8DEFF40099FED9 /* MoneyFlowTableViewCell.swift */; };
		6F74A7132B80AF80009433EF /* HomeModel.swift in Sources */ = {isa = PBXBuildFile; fileRef = 6F74A7122B80AF80009433EF /* HomeModel.swift */; };
		6F78ACEE2B8CF6470096B2CC /* StatisticsViewController.swift in Sources */ = {isa = PBXBuildFile; fileRef = 6F78ACED2B8CF6470096B2CC /* StatisticsViewController.swift */; };
		6FA057092B8672A900F36C9A /* OptionButton.swift in Sources */ = {isa = PBXBuildFile; fileRef = 6FA057082B8672A900F36C9A /* OptionButton.swift */; };
		6FA057312B87151600F36C9A /* ServicesViewController.swift in Sources */ = {isa = PBXBuildFile; fileRef = 6FA057302B87151600F36C9A /* ServicesViewController.swift */; };
		6FA057332B87235200F36C9A /* SelfSizingTableView.swift in Sources */ = {isa = PBXBuildFile; fileRef = 6FA057322B87235200F36C9A /* SelfSizingTableView.swift */; };
		6FA057352B8723CC00F36C9A /* MenuTableViewCell.swift in Sources */ = {isa = PBXBuildFile; fileRef = 6FA057342B8723CC00F36C9A /* MenuTableViewCell.swift */; };
		6FA057372B875CE400F36C9A /* ServicesPresenter.swift in Sources */ = {isa = PBXBuildFile; fileRef = 6FA057362B875CE400F36C9A /* ServicesPresenter.swift */; };
		6FA432322B62946E00F79721 /* RegistrationViewController.swift in Sources */ = {isa = PBXBuildFile; fileRef = 6FA432312B62946E00F79721 /* RegistrationViewController.swift */; };
		6FB1F18E2B89FFD000D72AD9 /* Roboto-Italic.ttf in Resources */ = {isa = PBXBuildFile; fileRef = 6FB1F18D2B89FFD000D72AD9 /* Roboto-Italic.ttf */; };
		6FC613F32B84D2E80088CFD1 /* DetailedTransactionInfoView.swift in Sources */ = {isa = PBXBuildFile; fileRef = 6FC613F22B84D2E80088CFD1 /* DetailedTransactionInfoView.swift */; };
		6FC613F52B84D30E0088CFD1 /* DetailedTableViewCell.swift in Sources */ = {isa = PBXBuildFile; fileRef = 6FC613F42B84D30E0088CFD1 /* DetailedTableViewCell.swift */; };
		6FCE2C052B9085A600D0801D /* SettingsViewController.swift in Sources */ = {isa = PBXBuildFile; fileRef = 6FCE2C042B9085A600D0801D /* SettingsViewController.swift */; };
		6FCE2C072B9085E100D0801D /* SettingsPresenter.swift in Sources */ = {isa = PBXBuildFile; fileRef = 6FCE2C062B9085E100D0801D /* SettingsPresenter.swift */; };
		6FCE2C092B90893D00D0801D /* ServicesModel.swift in Sources */ = {isa = PBXBuildFile; fileRef = 6FCE2C082B90893D00D0801D /* ServicesModel.swift */; };
		6FCE2C0F2B90969400D0801D /* LanguageViewController.swift in Sources */ = {isa = PBXBuildFile; fileRef = 6FCE2C0E2B90969400D0801D /* LanguageViewController.swift */; };
		6FCE2C112B90A19300D0801D /* LanguagePresenter.swift in Sources */ = {isa = PBXBuildFile; fileRef = 6FCE2C102B90A19300D0801D /* LanguagePresenter.swift */; };
		6FCE2C132B90B29E00D0801D /* LanguageTableViewCell.swift in Sources */ = {isa = PBXBuildFile; fileRef = 6FCE2C122B90B29E00D0801D /* LanguageTableViewCell.swift */; };
		6FCE2C152B90BA5F00D0801D /* LanguageModel.swift in Sources */ = {isa = PBXBuildFile; fileRef = 6FCE2C142B90BA5F00D0801D /* LanguageModel.swift */; };
		6FCE2C392B910D8100D0801D /* UserDefaultsManager.swift in Sources */ = {isa = PBXBuildFile; fileRef = 6FCE2C382B910D8100D0801D /* UserDefaultsManager.swift */; };
		6FD0623D2B87A2C20061096F /* ReportViewController.swift in Sources */ = {isa = PBXBuildFile; fileRef = 6FD0623C2B87A2C20061096F /* ReportViewController.swift */; };
		6FD2B96F2B8A7D39005A48CA /* NetworkErrorHandler.swift in Sources */ = {isa = PBXBuildFile; fileRef = 6FD2B96E2B8A7D39005A48CA /* NetworkErrorHandler.swift */; };
		6FF0DE442B6E2699007C51F8 /* TabBarContoller.swift in Sources */ = {isa = PBXBuildFile; fileRef = 6FF0DE432B6E2699007C51F8 /* TabBarContoller.swift */; };
		6FF0DE462B6E26C3007C51F8 /* CustomTabBar.swift in Sources */ = {isa = PBXBuildFile; fileRef = 6FF0DE452B6E26C3007C51F8 /* CustomTabBar.swift */; };
		6FF0DE4B2B6E4B9B007C51F8 /* ExtendedTapAreaButton.swift in Sources */ = {isa = PBXBuildFile; fileRef = 6FF0DE4A2B6E4B9B007C51F8 /* ExtendedTapAreaButton.swift */; };
		6FFB7F1E2B975AD1000CD639 /* Formatter+Extension.swift in Sources */ = {isa = PBXBuildFile; fileRef = 6FFB7F1D2B975AD1000CD639 /* Formatter+Extension.swift */; };
		6FFD497A2B8BA0F700C01286 /* ErrorModel.swift in Sources */ = {isa = PBXBuildFile; fileRef = 6FFD49792B8BA0F700C01286 /* ErrorModel.swift */; };
/* End PBXBuildFile section */

/* Begin PBXCopyFilesBuildPhase section */
		6F61E4EC2B5EDC4500F8AB20 /* Embed Frameworks */ = {
			isa = PBXCopyFilesBuildPhase;
			buildActionMask = 12;
			dstPath = "";
			dstSubfolderSpec = 10;
			files = (
			);
			name = "Embed Frameworks";
			runOnlyForDeploymentPostprocessing = 0;
		};
/* End PBXCopyFilesBuildPhase section */

/* Begin PBXFileReference section */
		6F0668632B825735003D8925 /* HistoryViewController.swift */ = {isa = PBXFileReference; lastKnownFileType = sourcecode.swift; path = HistoryViewController.swift; sourceTree = "<group>"; };
		6F0668652B825762003D8925 /* HistoryPresenter.swift */ = {isa = PBXFileReference; lastKnownFileType = sourcecode.swift; path = HistoryPresenter.swift; sourceTree = "<group>"; };
		6F0668672B8294EE003D8925 /* HistoryTableViewCell.swift */ = {isa = PBXFileReference; lastKnownFileType = sourcecode.swift; path = HistoryTableViewCell.swift; sourceTree = "<group>"; };
		6F0668692B83828C003D8925 /* HistoryModel.swift */ = {isa = PBXFileReference; lastKnownFileType = sourcecode.swift; path = HistoryModel.swift; sourceTree = "<group>"; };
		6F06686B2B838987003D8925 /* Date+Extension.swift */ = {isa = PBXFileReference; lastKnownFileType = sourcecode.swift; path = "Date+Extension.swift"; sourceTree = "<group>"; };
		6F0668712B839820003D8925 /* FilterViewController.swift */ = {isa = PBXFileReference; lastKnownFileType = sourcecode.swift; path = FilterViewController.swift; sourceTree = "<group>"; };
		6F0668732B839F15003D8925 /* FilterModel.swift */ = {isa = PBXFileReference; lastKnownFileType = sourcecode.swift; path = FilterModel.swift; sourceTree = "<group>"; };
		6F0B87452B6141F200434150 /* AuthorizationViewController.swift */ = {isa = PBXFileReference; lastKnownFileType = sourcecode.swift; path = AuthorizationViewController.swift; sourceTree = "<group>"; };
		6F0B87472B618DD000434150 /* OnboardingPresenter.swift */ = {isa = PBXFileReference; lastKnownFileType = sourcecode.swift; path = OnboardingPresenter.swift; sourceTree = "<group>"; };
		6F0E031B2B78EE5F00B9FF21 /* HomePresenter.swift */ = {isa = PBXFileReference; lastKnownFileType = sourcecode.swift; path = HomePresenter.swift; sourceTree = "<group>"; };
		6F0E031D2B7921C200B9FF21 /* TransactionTableViewCell.swift */ = {isa = PBXFileReference; lastKnownFileType = sourcecode.swift; path = TransactionTableViewCell.swift; sourceTree = "<group>"; };
		6F0E03232B7A355300B9FF21 /* TransactionViewController.swift */ = {isa = PBXFileReference; lastKnownFileType = sourcecode.swift; path = TransactionViewController.swift; sourceTree = "<group>"; };
		6F36899E2B6C07870052BAB7 /* UIViewController+Extension.swift */ = {isa = PBXFileReference; lastKnownFileType = sourcecode.swift; path = "UIViewController+Extension.swift"; sourceTree = "<group>"; };
		6F40C9672B88CFB600CB3226 /* ReportPresenter.swift */ = {isa = PBXFileReference; lastKnownFileType = sourcecode.swift; path = ReportPresenter.swift; sourceTree = "<group>"; };
		6F40C9692B88FFA000CB3226 /* StoryCollectionViewCell.swift */ = {isa = PBXFileReference; lastKnownFileType = sourcecode.swift; path = StoryCollectionViewCell.swift; sourceTree = "<group>"; };
		6F40C96B2B88FFAC00CB3226 /* QuoteCollectionViewCell.swift */ = {isa = PBXFileReference; lastKnownFileType = sourcecode.swift; path = QuoteCollectionViewCell.swift; sourceTree = "<group>"; };
		6F40C96D2B890DDB00CB3226 /* ReportModel.swift */ = {isa = PBXFileReference; lastKnownFileType = sourcecode.swift; path = ReportModel.swift; sourceTree = "<group>"; };
		6F4580D62B5EDFB200869FF9 /* KirisShygysAppStore.app */ = {isa = PBXFileReference; explicitFileType = wrapper.application; includeInIndex = 0; path = KirisShygysAppStore.app; sourceTree = BUILT_PRODUCTS_DIR; };
		6F4580E42B601A0E00869FF9 /* NSObject+Extension.swift */ = {isa = PBXFileReference; lastKnownFileType = sourcecode.swift; path = "NSObject+Extension.swift"; sourceTree = "<group>"; };
		6F4580E62B60FB0400869FF9 /* Roboto-Regular.ttf */ = {isa = PBXFileReference; lastKnownFileType = file; path = "Roboto-Regular.ttf"; sourceTree = "<group>"; };
		6F61E49B2B5D8A0B00F8AB20 /* AppDelegate.swift */ = {isa = PBXFileReference; lastKnownFileType = sourcecode.swift; path = AppDelegate.swift; sourceTree = "<group>"; };
		6F61E49D2B5D8A0B00F8AB20 /* SceneDelegate.swift */ = {isa = PBXFileReference; lastKnownFileType = sourcecode.swift; path = SceneDelegate.swift; sourceTree = "<group>"; };
		6F61E49F2B5D8A0B00F8AB20 /* OnboardingViewController.swift */ = {isa = PBXFileReference; lastKnownFileType = sourcecode.swift; path = OnboardingViewController.swift; sourceTree = "<group>"; };
		6F61E4A42B5D8A0D00F8AB20 /* Assets.xcassets */ = {isa = PBXFileReference; lastKnownFileType = folder.assetcatalog; path = Assets.xcassets; sourceTree = "<group>"; };
		6F61E4A72B5D8A0D00F8AB20 /* Base */ = {isa = PBXFileReference; lastKnownFileType = file.storyboard; name = Base; path = Base.lproj/LaunchScreen.storyboard; sourceTree = "<group>"; };
		6F61E4A92B5D8A0D00F8AB20 /* Info.plist */ = {isa = PBXFileReference; lastKnownFileType = text.plist.xml; path = Info.plist; sourceTree = "<group>"; };
		6F61E4C82B5E997500F8AB20 /* UIColor+Extension.swift */ = {isa = PBXFileReference; lastKnownFileType = sourcecode.swift; path = "UIColor+Extension.swift"; sourceTree = "<group>"; };
		6F61E4CA2B5E9AB700F8AB20 /* UIFont+Extension.swift */ = {isa = PBXFileReference; lastKnownFileType = sourcecode.swift; path = "UIFont+Extension.swift"; sourceTree = "<group>"; };
		6F61E4CC2B5EA50700F8AB20 /* OnboardingModel.swift */ = {isa = PBXFileReference; lastKnownFileType = sourcecode.swift; path = OnboardingModel.swift; sourceTree = "<group>"; };
		6F61E4CE2B5EA58600F8AB20 /* String+Extension.swift */ = {isa = PBXFileReference; lastKnownFileType = sourcecode.swift; path = "String+Extension.swift"; sourceTree = "<group>"; };
		6F61E4DA2B5EA89800F8AB20 /* en */ = {isa = PBXFileReference; lastKnownFileType = text.plist.strings; name = en; path = en.lproj/Localizable.strings; sourceTree = "<group>"; };
		6F61E4DC2B5EA8B000F8AB20 /* ru */ = {isa = PBXFileReference; lastKnownFileType = text.plist.strings; name = ru; path = ru.lproj/LaunchScreen.strings; sourceTree = "<group>"; };
		6F61E4DD2B5EA8B000F8AB20 /* ru */ = {isa = PBXFileReference; lastKnownFileType = text.plist.strings; name = ru; path = ru.lproj/Localizable.strings; sourceTree = "<group>"; };
		6F61E4DE2B5EA8F100F8AB20 /* OnboardingCollectionCell.swift */ = {isa = PBXFileReference; lastKnownFileType = sourcecode.swift; path = OnboardingCollectionCell.swift; sourceTree = "<group>"; };
		6F61E4E32B5ED4B300F8AB20 /* Roboto-Light.ttf */ = {isa = PBXFileReference; lastKnownFileType = file; path = "Roboto-Light.ttf"; sourceTree = "<group>"; };
		6F61E4E42B5ED4B300F8AB20 /* Roboto-Bold.ttf */ = {isa = PBXFileReference; lastKnownFileType = file; path = "Roboto-Bold.ttf"; sourceTree = "<group>"; };
		6F61E4E72B5ED89B00F8AB20 /* Roboto-Medium.ttf */ = {isa = PBXFileReference; lastKnownFileType = file; path = "Roboto-Medium.ttf"; sourceTree = "<group>"; };
		6F6444342B65804A0018238D /* AuthenticationService.swift */ = {isa = PBXFileReference; lastKnownFileType = sourcecode.swift; path = AuthenticationService.swift; sourceTree = "<group>"; };
		6F6444782B6580ED0018238D /* AuthorizationModel.swift */ = {isa = PBXFileReference; lastKnownFileType = sourcecode.swift; path = AuthorizationModel.swift; sourceTree = "<group>"; };
		6F64447B2B6581290018238D /* RegistrationModel.swift */ = {isa = PBXFileReference; lastKnownFileType = sourcecode.swift; path = RegistrationModel.swift; sourceTree = "<group>"; };
		6F64447D2B65813D0018238D /* NetworkModel.swift */ = {isa = PBXFileReference; lastKnownFileType = sourcecode.swift; path = NetworkModel.swift; sourceTree = "<group>"; };
		6F64447F2B6583BA0018238D /* GoogleService-Info.plist */ = {isa = PBXFileReference; fileEncoding = 4; lastKnownFileType = text.plist.xml; path = "GoogleService-Info.plist"; sourceTree = "<group>"; };
		6F6444822B6586400018238D /* RegistrationPresenter.swift */ = {isa = PBXFileReference; lastKnownFileType = sourcecode.swift; path = RegistrationPresenter.swift; sourceTree = "<group>"; };
		6F6444842B6593650018238D /* Validator.swift */ = {isa = PBXFileReference; lastKnownFileType = sourcecode.swift; path = Validator.swift; sourceTree = "<group>"; };
		6F6444872B65A0180018238D /* LoaderView.swift */ = {isa = PBXFileReference; lastKnownFileType = sourcecode.swift; path = LoaderView.swift; sourceTree = "<group>"; };
		6F64448A2B66388C0018238D /* AlertManager.swift */ = {isa = PBXFileReference; lastKnownFileType = sourcecode.swift; path = AlertManager.swift; sourceTree = "<group>"; };
		6F64448F2B663A130018238D /* HomeViewController.swift */ = {isa = PBXFileReference; lastKnownFileType = sourcecode.swift; path = HomeViewController.swift; sourceTree = "<group>"; };
		6F6444922B6688880018238D /* AuthorizationPresenter.swift */ = {isa = PBXFileReference; lastKnownFileType = sourcecode.swift; path = AuthorizationPresenter.swift; sourceTree = "<group>"; };
		6F705A332B7B5E800029CB66 /* TransactionPresenter.swift */ = {isa = PBXFileReference; lastKnownFileType = sourcecode.swift; path = TransactionPresenter.swift; sourceTree = "<group>"; };
		6F705A352B7B5EF90029CB66 /* UserDataService.swift */ = {isa = PBXFileReference; lastKnownFileType = sourcecode.swift; path = UserDataService.swift; sourceTree = "<group>"; };
		6F705A372B7B60CF0029CB66 /* TransactionModel.swift */ = {isa = PBXFileReference; lastKnownFileType = sourcecode.swift; path = TransactionModel.swift; sourceTree = "<group>"; };
		6F705A392B7BA0420029CB66 /* NotificationCenterEnum.swift */ = {isa = PBXFileReference; lastKnownFileType = sourcecode.swift; path = NotificationCenterEnum.swift; sourceTree = "<group>"; };
		6F71A77F2B8DBAC70099FED9 /* StatisticsModel.swift */ = {isa = PBXFileReference; lastKnownFileType = sourcecode.swift; path = StatisticsModel.swift; sourceTree = "<group>"; };
		6F71A7812B8DBB660099FED9 /* StatisticsPresenter.swift */ = {isa = PBXFileReference; lastKnownFileType = sourcecode.swift; path = StatisticsPresenter.swift; sourceTree = "<group>"; };
		6F71A7832B8DC3290099FED9 /* AbsenceDataView.swift */ = {isa = PBXFileReference; lastKnownFileType = sourcecode.swift; path = AbsenceDataView.swift; sourceTree = "<group>"; };
		6F71A7852B8DEFF40099FED9 /* MoneyFlowTableViewCell.swift */ = {isa = PBXFileReference; lastKnownFileType = sourcecode.swift; path = MoneyFlowTableViewCell.swift; sourceTree = "<group>"; };
		6F74A7122B80AF80009433EF /* HomeModel.swift */ = {isa = PBXFileReference; lastKnownFileType = sourcecode.swift; path = HomeModel.swift; sourceTree = "<group>"; };
		6F78ACED2B8CF6470096B2CC /* StatisticsViewController.swift */ = {isa = PBXFileReference; lastKnownFileType = sourcecode.swift; path = StatisticsViewController.swift; sourceTree = "<group>"; };
		6FA057082B8672A900F36C9A /* OptionButton.swift */ = {isa = PBXFileReference; lastKnownFileType = sourcecode.swift; path = OptionButton.swift; sourceTree = "<group>"; };
		6FA057302B87151600F36C9A /* ServicesViewController.swift */ = {isa = PBXFileReference; lastKnownFileType = sourcecode.swift; path = ServicesViewController.swift; sourceTree = "<group>"; };
		6FA057322B87235200F36C9A /* SelfSizingTableView.swift */ = {isa = PBXFileReference; lastKnownFileType = sourcecode.swift; path = SelfSizingTableView.swift; sourceTree = "<group>"; };
		6FA057342B8723CC00F36C9A /* MenuTableViewCell.swift */ = {isa = PBXFileReference; lastKnownFileType = sourcecode.swift; path = MenuTableViewCell.swift; sourceTree = "<group>"; };
		6FA057362B875CE400F36C9A /* ServicesPresenter.swift */ = {isa = PBXFileReference; lastKnownFileType = sourcecode.swift; path = ServicesPresenter.swift; sourceTree = "<group>"; };
		6FA432312B62946E00F79721 /* RegistrationViewController.swift */ = {isa = PBXFileReference; lastKnownFileType = sourcecode.swift; path = RegistrationViewController.swift; sourceTree = "<group>"; };
		6FB1F18D2B89FFD000D72AD9 /* Roboto-Italic.ttf */ = {isa = PBXFileReference; lastKnownFileType = file; path = "Roboto-Italic.ttf"; sourceTree = "<group>"; };
		6FB1F1902B8A30BF00D72AD9 /* kk-KZ */ = {isa = PBXFileReference; lastKnownFileType = text.plist.strings; name = "kk-KZ"; path = "kk-KZ.lproj/Localizable.strings"; sourceTree = "<group>"; };
		6FB1F1912B8A343B00D72AD9 /* kk */ = {isa = PBXFileReference; lastKnownFileType = text.plist.strings; name = kk; path = kk.lproj/LaunchScreen.strings; sourceTree = "<group>"; };
		6FB1F1922B8A343B00D72AD9 /* kk */ = {isa = PBXFileReference; lastKnownFileType = text.plist.strings; name = kk; path = kk.lproj/Localizable.strings; sourceTree = "<group>"; };
		6FC613F22B84D2E80088CFD1 /* DetailedTransactionInfoView.swift */ = {isa = PBXFileReference; lastKnownFileType = sourcecode.swift; path = DetailedTransactionInfoView.swift; sourceTree = "<group>"; };
		6FC613F42B84D30E0088CFD1 /* DetailedTableViewCell.swift */ = {isa = PBXFileReference; lastKnownFileType = sourcecode.swift; path = DetailedTableViewCell.swift; sourceTree = "<group>"; };
		6FCE2C042B9085A600D0801D /* SettingsViewController.swift */ = {isa = PBXFileReference; lastKnownFileType = sourcecode.swift; path = SettingsViewController.swift; sourceTree = "<group>"; };
		6FCE2C062B9085E100D0801D /* SettingsPresenter.swift */ = {isa = PBXFileReference; lastKnownFileType = sourcecode.swift; path = SettingsPresenter.swift; sourceTree = "<group>"; };
		6FCE2C082B90893D00D0801D /* ServicesModel.swift */ = {isa = PBXFileReference; lastKnownFileType = sourcecode.swift; path = ServicesModel.swift; sourceTree = "<group>"; };
		6FCE2C0E2B90969400D0801D /* LanguageViewController.swift */ = {isa = PBXFileReference; lastKnownFileType = sourcecode.swift; path = LanguageViewController.swift; sourceTree = "<group>"; };
		6FCE2C102B90A19300D0801D /* LanguagePresenter.swift */ = {isa = PBXFileReference; lastKnownFileType = sourcecode.swift; path = LanguagePresenter.swift; sourceTree = "<group>"; };
		6FCE2C122B90B29E00D0801D /* LanguageTableViewCell.swift */ = {isa = PBXFileReference; lastKnownFileType = sourcecode.swift; path = LanguageTableViewCell.swift; sourceTree = "<group>"; };
		6FCE2C142B90BA5F00D0801D /* LanguageModel.swift */ = {isa = PBXFileReference; lastKnownFileType = sourcecode.swift; path = LanguageModel.swift; sourceTree = "<group>"; };
		6FCE2C382B910D8100D0801D /* UserDefaultsManager.swift */ = {isa = PBXFileReference; lastKnownFileType = sourcecode.swift; path = UserDefaultsManager.swift; sourceTree = "<group>"; };
		6FCE2C3E2B911EFB00D0801D /* kk-KZ */ = {isa = PBXFileReference; lastKnownFileType = text.plist.strings; name = "kk-KZ"; path = "kk-KZ.lproj/LaunchScreen.strings"; sourceTree = "<group>"; };
		6FD0623C2B87A2C20061096F /* ReportViewController.swift */ = {isa = PBXFileReference; lastKnownFileType = sourcecode.swift; path = ReportViewController.swift; sourceTree = "<group>"; };
		6FD2B96E2B8A7D39005A48CA /* NetworkErrorHandler.swift */ = {isa = PBXFileReference; lastKnownFileType = sourcecode.swift; path = NetworkErrorHandler.swift; sourceTree = "<group>"; };
		6FF0DE432B6E2699007C51F8 /* TabBarContoller.swift */ = {isa = PBXFileReference; lastKnownFileType = sourcecode.swift; path = TabBarContoller.swift; sourceTree = "<group>"; };
		6FF0DE452B6E26C3007C51F8 /* CustomTabBar.swift */ = {isa = PBXFileReference; lastKnownFileType = sourcecode.swift; path = CustomTabBar.swift; sourceTree = "<group>"; };
		6FF0DE4A2B6E4B9B007C51F8 /* ExtendedTapAreaButton.swift */ = {isa = PBXFileReference; lastKnownFileType = sourcecode.swift; path = ExtendedTapAreaButton.swift; sourceTree = "<group>"; };
		6FFB7F1D2B975AD1000CD639 /* Formatter+Extension.swift */ = {isa = PBXFileReference; lastKnownFileType = sourcecode.swift; path = "Formatter+Extension.swift"; sourceTree = "<group>"; };
		6FFD49792B8BA0F700C01286 /* ErrorModel.swift */ = {isa = PBXFileReference; lastKnownFileType = sourcecode.swift; path = ErrorModel.swift; sourceTree = "<group>"; };
/* End PBXFileReference section */

/* Begin PBXFrameworksBuildPhase section */
		6F61E4952B5D8A0B00F8AB20 /* Frameworks */ = {
			isa = PBXFrameworksBuildPhase;
			buildActionMask = 2147483647;
			files = (
				6F6444602B6580B70018238D /* FirebaseFunctions in Frameworks */,
				6F075C9A2B907942003557F6 /* DGCharts in Frameworks */,
				6F6444562B6580B70018238D /* FirebaseDatabaseSwift in Frameworks */,
				6F6444662B6580B70018238D /* FirebaseInAppMessagingSwift-Beta in Frameworks */,
				6F64446C2B6580B70018238D /* FirebaseMessaging in Frameworks */,
				6F64444C2B6580B70018238D /* FirebaseAppDistribution-Beta in Frameworks */,
				6F6444502B6580B70018238D /* FirebaseAuthCombine-Community in Frameworks */,
				6F64445C2B6580B70018238D /* FirebaseFirestoreCombine-Community in Frameworks */,
				6F6444462B6580B70018238D /* FirebaseAnalyticsSwift in Frameworks */,
				6F64446A2B6580B70018238D /* FirebaseMLModelDownloader in Frameworks */,
				6F6444482B6580B70018238D /* FirebaseAnalyticsWithoutAdIdSupport in Frameworks */,
				6F6444422B6580B70018238D /* FirebaseAnalytics in Frameworks */,
				6F64445E2B6580B70018238D /* FirebaseFirestoreSwift in Frameworks */,
				6F6444442B6580B70018238D /* FirebaseAnalyticsOnDeviceConversion in Frameworks */,
				6F64444A2B6580B70018238D /* FirebaseAppCheck in Frameworks */,
				6F64446E2B6580B70018238D /* FirebasePerformance in Frameworks */,
				6F6444642B6580B70018238D /* FirebaseInAppMessaging-Beta in Frameworks */,
				6F6444622B6580B70018238D /* FirebaseFunctionsCombine-Community in Frameworks */,
				6F6444522B6580B70018238D /* FirebaseCrashlytics in Frameworks */,
				6F6444682B6580B70018238D /* FirebaseInstallations in Frameworks */,
				6F6444702B6580B70018238D /* FirebaseRemoteConfig in Frameworks */,
				6F6444742B6580B70018238D /* FirebaseStorage in Frameworks */,
				6F6444542B6580B70018238D /* FirebaseDatabase in Frameworks */,
				6F6444762B6580B70018238D /* FirebaseStorageCombine-Community in Frameworks */,
				6F4580D92B5EE1D600869FF9 /* SnapKit in Frameworks */,
				6F64444E2B6580B70018238D /* FirebaseAuth in Frameworks */,
				6F6444582B6580B70018238D /* FirebaseDynamicLinks in Frameworks */,
				6F64445A2B6580B70018238D /* FirebaseFirestore in Frameworks */,
				6F6444722B6580B70018238D /* FirebaseRemoteConfigSwift in Frameworks */,
			);
			runOnlyForDeploymentPostprocessing = 0;
		};
/* End PBXFrameworksBuildPhase section */

/* Begin PBXGroup section */
		6F06685F2B8256B6003D8925 /* HistoryModule */ = {
			isa = PBXGroup;
			children = (
				6F0668622B825720003D8925 /* Model */,
				6F0668612B82571B003D8925 /* View */,
				6F0668602B825713003D8925 /* Presenter */,
			);
			path = HistoryModule;
			sourceTree = "<group>";
		};
		6F0668602B825713003D8925 /* Presenter */ = {
			isa = PBXGroup;
			children = (
				6F0668652B825762003D8925 /* HistoryPresenter.swift */,
			);
			path = Presenter;
			sourceTree = "<group>";
		};
		6F0668612B82571B003D8925 /* View */ = {
			isa = PBXGroup;
			children = (
				6F0668632B825735003D8925 /* HistoryViewController.swift */,
				6F0668672B8294EE003D8925 /* HistoryTableViewCell.swift */,
				6FC613F22B84D2E80088CFD1 /* DetailedTransactionInfoView.swift */,
				6FC613F42B84D30E0088CFD1 /* DetailedTableViewCell.swift */,
			);
			path = View;
			sourceTree = "<group>";
		};
		6F0668622B825720003D8925 /* Model */ = {
			isa = PBXGroup;
			children = (
				6F0668692B83828C003D8925 /* HistoryModel.swift */,
			);
			path = Model;
			sourceTree = "<group>";
		};
		6F06686D2B838E29003D8925 /* FilterTransactionsModule */ = {
			isa = PBXGroup;
			children = (
				6F0668702B8397FE003D8925 /* Model */,
				6F06686F2B8397F8003D8925 /* View */,
			);
			path = FilterTransactionsModule;
			sourceTree = "<group>";
		};
		6F06686F2B8397F8003D8925 /* View */ = {
			isa = PBXGroup;
			children = (
				6F0668712B839820003D8925 /* FilterViewController.swift */,
				6FA057082B8672A900F36C9A /* OptionButton.swift */,
			);
			path = View;
			sourceTree = "<group>";
		};
		6F0668702B8397FE003D8925 /* Model */ = {
			isa = PBXGroup;
			children = (
				6F0668732B839F15003D8925 /* FilterModel.swift */,
			);
			path = Model;
			sourceTree = "<group>";
		};
		6F0B87412B6130E500434150 /* AuthorizationModule */ = {
			isa = PBXGroup;
			children = (
				6F6444772B6580E20018238D /* Model */,
				6F0B87432B61311600434150 /* View */,
				6F6444912B6688740018238D /* Presenter */,
			);
			path = AuthorizationModule;
			sourceTree = "<group>";
		};
		6F0B87432B61311600434150 /* View */ = {
			isa = PBXGroup;
			children = (
				6F0B87452B6141F200434150 /* AuthorizationViewController.swift */,
			);
			path = View;
			sourceTree = "<group>";
		};
		6F0E031F2B792BF000B9FF21 /* TransactionModule */ = {
			isa = PBXGroup;
			children = (
				6F705A312B7B5C200029CB66 /* Model */,
				6F0E03212B7A345100B9FF21 /* View */,
				6F705A322B7B5C240029CB66 /* Presenter */,
			);
			path = TransactionModule;
			sourceTree = "<group>";
		};
		6F0E03212B7A345100B9FF21 /* View */ = {
			isa = PBXGroup;
			children = (
				6F0E03232B7A355300B9FF21 /* TransactionViewController.swift */,
			);
			path = View;
			sourceTree = "<group>";
		};
		6F3689A02B6C09740052BAB7 /* TabBarModule */ = {
			isa = PBXGroup;
			children = (
				6FF0DE432B6E2699007C51F8 /* TabBarContoller.swift */,
				6FF0DE452B6E26C3007C51F8 /* CustomTabBar.swift */,
			);
			path = TabBarModule;
			sourceTree = "<group>";
		};
		6F61E48F2B5D8A0B00F8AB20 = {
			isa = PBXGroup;
			children = (
				6F61E49A2B5D8A0B00F8AB20 /* KirisShygysAppStore */,
				6F4580D62B5EDFB200869FF9 /* KirisShygysAppStore.app */,
			);
			sourceTree = "<group>";
		};
		6F61E49A2B5D8A0B00F8AB20 /* KirisShygysAppStore */ = {
			isa = PBXGroup;
			children = (
				6F61E4B02B5E694100F8AB20 /* AppConfiguration */,
				6F61E4C72B5E996300F8AB20 /* Support */,
				6F6444282B657E920018238D /* Network */,
				6F61E4AF2B5E691D00F8AB20 /* OnboardingModule */,
				6F0B87412B6130E500434150 /* AuthorizationModule */,
				6FA4322D2B62941600F79721 /* RegistrationModule */,
				6F3689A02B6C09740052BAB7 /* TabBarModule */,
				6F6444892B66379D0018238D /* HomeModule */,
				6F0E031F2B792BF000B9FF21 /* TransactionModule */,
				6F06685F2B8256B6003D8925 /* HistoryModule */,
				6F06686D2B838E29003D8925 /* FilterTransactionsModule */,
				6FA0572C2B8714AA00F36C9A /* ServicesModule */,
				6FD062382B87A2550061096F /* ReportModule */,
				6F78ACE22B8C59530096B2CC /* StatisticsModule */,
				6F71A7872B8E04770099FED9 /* SettingsModule */,
				6FCE2C0B2B90963E00D0801D /* LanguageModule */,
				6FFB7F1F2B975F1A000CD639 /* PersonalInfoModule */,
			);
			path = KirisShygysAppStore;
			sourceTree = "<group>";
		};
		6F61E4AF2B5E691D00F8AB20 /* OnboardingModule */ = {
			isa = PBXGroup;
			children = (
				6F61E4B32B5E6AA700F8AB20 /* Model */,
				6F61E4B22B5E6AA100F8AB20 /* View */,
				6F61E4B12B5E6A9600F8AB20 /* Presenter */,
			);
			path = OnboardingModule;
			sourceTree = "<group>";
		};
		6F61E4B02B5E694100F8AB20 /* AppConfiguration */ = {
			isa = PBXGroup;
			children = (
				6F64447F2B6583BA0018238D /* GoogleService-Info.plist */,
				6F61E49B2B5D8A0B00F8AB20 /* AppDelegate.swift */,
				6F61E49D2B5D8A0B00F8AB20 /* SceneDelegate.swift */,
				6F61E4A42B5D8A0D00F8AB20 /* Assets.xcassets */,
				6F61E4A62B5D8A0D00F8AB20 /* LaunchScreen.storyboard */,
				6F61E4A92B5D8A0D00F8AB20 /* Info.plist */,
			);
			path = AppConfiguration;
			sourceTree = "<group>";
		};
		6F61E4B12B5E6A9600F8AB20 /* Presenter */ = {
			isa = PBXGroup;
			children = (
				6F0B87472B618DD000434150 /* OnboardingPresenter.swift */,
			);
			path = Presenter;
			sourceTree = "<group>";
		};
		6F61E4B22B5E6AA100F8AB20 /* View */ = {
			isa = PBXGroup;
			children = (
				6F61E49F2B5D8A0B00F8AB20 /* OnboardingViewController.swift */,
				6F61E4DE2B5EA8F100F8AB20 /* OnboardingCollectionCell.swift */,
			);
			path = View;
			sourceTree = "<group>";
		};
		6F61E4B32B5E6AA700F8AB20 /* Model */ = {
			isa = PBXGroup;
			children = (
				6F61E4CC2B5EA50700F8AB20 /* OnboardingModel.swift */,
			);
			path = Model;
			sourceTree = "<group>";
		};
		6F61E4C72B5E996300F8AB20 /* Support */ = {
			isa = PBXGroup;
			children = (
				6FCE2C372B910D6E00D0801D /* Defaults */,
				6FF0DE472B6E4B27007C51F8 /* Extensions */,
				6F6444862B659FF70018238D /* LoaderView */,
				6F61E4E02B5ED43A00F8AB20 /* Fonts */,
				6F61E4D12B5EA85200F8AB20 /* Localization */,
				6F6444842B6593650018238D /* Validator.swift */,
				6F64448A2B66388C0018238D /* AlertManager.swift */,
				6FF0DE4A2B6E4B9B007C51F8 /* ExtendedTapAreaButton.swift */,
				6F705A392B7BA0420029CB66 /* NotificationCenterEnum.swift */,
				6FA057322B87235200F36C9A /* SelfSizingTableView.swift */,
				6FFD49792B8BA0F700C01286 /* ErrorModel.swift */,
			);
			path = Support;
			sourceTree = "<group>";
		};
		6F61E4D12B5EA85200F8AB20 /* Localization */ = {
			isa = PBXGroup;
			children = (
				6F61E4DB2B5EA89800F8AB20 /* Localizable.strings */,
			);
			path = Localization;
			sourceTree = "<group>";
		};
		6F61E4E02B5ED43A00F8AB20 /* Fonts */ = {
			isa = PBXGroup;
			children = (
				6FB1F18D2B89FFD000D72AD9 /* Roboto-Italic.ttf */,
				6F4580E62B60FB0400869FF9 /* Roboto-Regular.ttf */,
				6F61E4E72B5ED89B00F8AB20 /* Roboto-Medium.ttf */,
				6F61E4E42B5ED4B300F8AB20 /* Roboto-Bold.ttf */,
				6F61E4E32B5ED4B300F8AB20 /* Roboto-Light.ttf */,
			);
			path = Fonts;
			sourceTree = "<group>";
		};
		6F6444282B657E920018238D /* Network */ = {
			isa = PBXGroup;
			children = (
				6F6444342B65804A0018238D /* AuthenticationService.swift */,
				6F64447D2B65813D0018238D /* NetworkModel.swift */,
				6F705A352B7B5EF90029CB66 /* UserDataService.swift */,
				6FD2B96E2B8A7D39005A48CA /* NetworkErrorHandler.swift */,
			);
			path = Network;
			sourceTree = "<group>";
		};
		6F6444772B6580E20018238D /* Model */ = {
			isa = PBXGroup;
			children = (
				6F6444782B6580ED0018238D /* AuthorizationModel.swift */,
			);
			path = Model;
			sourceTree = "<group>";
		};
		6F64447A2B6581190018238D /* Model */ = {
			isa = PBXGroup;
			children = (
				6F64447B2B6581290018238D /* RegistrationModel.swift */,
			);
			path = Model;
			sourceTree = "<group>";
		};
		6F6444812B65862C0018238D /* Presenter */ = {
			isa = PBXGroup;
			children = (
				6F6444822B6586400018238D /* RegistrationPresenter.swift */,
			);
			path = Presenter;
			sourceTree = "<group>";
		};
		6F6444862B659FF70018238D /* LoaderView */ = {
			isa = PBXGroup;
			children = (
				6F6444872B65A0180018238D /* LoaderView.swift */,
			);
			path = LoaderView;
			sourceTree = "<group>";
		};
		6F6444892B66379D0018238D /* HomeModule */ = {
			isa = PBXGroup;
			children = (
				6F64448E2B663A050018238D /* Model */,
				6F64448D2B663A000018238D /* View */,
				6F64448C2B6639F90018238D /* Presenter */,
			);
			path = HomeModule;
			sourceTree = "<group>";
		};
		6F64448C2B6639F90018238D /* Presenter */ = {
			isa = PBXGroup;
			children = (
				6F0E031B2B78EE5F00B9FF21 /* HomePresenter.swift */,
			);
			path = Presenter;
			sourceTree = "<group>";
		};
		6F64448D2B663A000018238D /* View */ = {
			isa = PBXGroup;
			children = (
				6F64448F2B663A130018238D /* HomeViewController.swift */,
				6F0E031D2B7921C200B9FF21 /* TransactionTableViewCell.swift */,
			);
			path = View;
			sourceTree = "<group>";
		};
		6F64448E2B663A050018238D /* Model */ = {
			isa = PBXGroup;
			children = (
				6F74A7122B80AF80009433EF /* HomeModel.swift */,
			);
			path = Model;
			sourceTree = "<group>";
		};
		6F6444912B6688740018238D /* Presenter */ = {
			isa = PBXGroup;
			children = (
				6F6444922B6688880018238D /* AuthorizationPresenter.swift */,
			);
			path = Presenter;
			sourceTree = "<group>";
		};
		6F705A312B7B5C200029CB66 /* Model */ = {
			isa = PBXGroup;
			children = (
				6F705A372B7B60CF0029CB66 /* TransactionModel.swift */,
			);
			path = Model;
			sourceTree = "<group>";
		};
		6F705A322B7B5C240029CB66 /* Presenter */ = {
			isa = PBXGroup;
			children = (
				6F705A332B7B5E800029CB66 /* TransactionPresenter.swift */,
			);
			path = Presenter;
			sourceTree = "<group>";
		};
		6F71A7872B8E04770099FED9 /* SettingsModule */ = {
			isa = PBXGroup;
			children = (
				6F71A7892B8E04930099FED9 /* View */,
				6F71A7882B8E048D0099FED9 /* Presenter */,
			);
			path = SettingsModule;
			sourceTree = "<group>";
		};
		6F71A7882B8E048D0099FED9 /* Presenter */ = {
			isa = PBXGroup;
			children = (
				6FCE2C062B9085E100D0801D /* SettingsPresenter.swift */,
			);
			path = Presenter;
			sourceTree = "<group>";
		};
		6F71A7892B8E04930099FED9 /* View */ = {
			isa = PBXGroup;
			children = (
				6FCE2C042B9085A600D0801D /* SettingsViewController.swift */,
			);
			path = View;
			sourceTree = "<group>";
		};
		6F78ACE22B8C59530096B2CC /* StatisticsModule */ = {
			isa = PBXGroup;
			children = (
				6F78ACE52B8C59810096B2CC /* Model */,
				6F78ACE42B8C59760096B2CC /* View */,
				6F78ACE32B8C59720096B2CC /* Presenter */,
			);
			path = StatisticsModule;
			sourceTree = "<group>";
		};
		6F78ACE32B8C59720096B2CC /* Presenter */ = {
			isa = PBXGroup;
			children = (
				6F71A7812B8DBB660099FED9 /* StatisticsPresenter.swift */,
			);
			path = Presenter;
			sourceTree = "<group>";
		};
		6F78ACE42B8C59760096B2CC /* View */ = {
			isa = PBXGroup;
			children = (
				6F78ACED2B8CF6470096B2CC /* StatisticsViewController.swift */,
				6F71A7832B8DC3290099FED9 /* AbsenceDataView.swift */,
				6F71A7852B8DEFF40099FED9 /* MoneyFlowTableViewCell.swift */,
			);
			path = View;
			sourceTree = "<group>";
		};
		6F78ACE52B8C59810096B2CC /* Model */ = {
			isa = PBXGroup;
			children = (
				6F71A77F2B8DBAC70099FED9 /* StatisticsModel.swift */,
			);
			path = Model;
			sourceTree = "<group>";
		};
		6FA0572C2B8714AA00F36C9A /* ServicesModule */ = {
			isa = PBXGroup;
			children = (
				6FCE2C0A2B908FCE00D0801D /* Model */,
				6FA0572E2B8714F900F36C9A /* View */,
				6FA0572D2B8714C100F36C9A /* Presenter */,
			);
			path = ServicesModule;
			sourceTree = "<group>";
		};
		6FA0572D2B8714C100F36C9A /* Presenter */ = {
			isa = PBXGroup;
			children = (
				6FA057362B875CE400F36C9A /* ServicesPresenter.swift */,
			);
			path = Presenter;
			sourceTree = "<group>";
		};
		6FA0572E2B8714F900F36C9A /* View */ = {
			isa = PBXGroup;
			children = (
				6FA057302B87151600F36C9A /* ServicesViewController.swift */,
				6FA057342B8723CC00F36C9A /* MenuTableViewCell.swift */,
			);
			path = View;
			sourceTree = "<group>";
		};
		6FA4322D2B62941600F79721 /* RegistrationModule */ = {
			isa = PBXGroup;
			children = (
				6F64447A2B6581190018238D /* Model */,
				6FA432302B62943700F79721 /* View */,
				6F6444812B65862C0018238D /* Presenter */,
			);
			path = RegistrationModule;
			sourceTree = "<group>";
		};
		6FA432302B62943700F79721 /* View */ = {
			isa = PBXGroup;
			children = (
				6FA432312B62946E00F79721 /* RegistrationViewController.swift */,
			);
			path = View;
			sourceTree = "<group>";
		};
		6FCE2C0A2B908FCE00D0801D /* Model */ = {
			isa = PBXGroup;
			children = (
				6FCE2C082B90893D00D0801D /* ServicesModel.swift */,
			);
			path = Model;
			sourceTree = "<group>";
		};
		6FCE2C0B2B90963E00D0801D /* LanguageModule */ = {
			isa = PBXGroup;
			children = (
				6FCE2C362B910C4300D0801D /* Model */,
				6FCE2C0C2B90965600D0801D /* View */,
				6FCE2C0D2B90965B00D0801D /* Presenter */,
			);
			path = LanguageModule;
			sourceTree = "<group>";
		};
		6FCE2C0C2B90965600D0801D /* View */ = {
			isa = PBXGroup;
			children = (
				6FCE2C0E2B90969400D0801D /* LanguageViewController.swift */,
				6FCE2C122B90B29E00D0801D /* LanguageTableViewCell.swift */,
			);
			path = View;
			sourceTree = "<group>";
		};
		6FCE2C0D2B90965B00D0801D /* Presenter */ = {
			isa = PBXGroup;
			children = (
				6FCE2C102B90A19300D0801D /* LanguagePresenter.swift */,
			);
			path = Presenter;
			sourceTree = "<group>";
		};
		6FCE2C362B910C4300D0801D /* Model */ = {
			isa = PBXGroup;
			children = (
				6FCE2C142B90BA5F00D0801D /* LanguageModel.swift */,
			);
			path = Model;
			sourceTree = "<group>";
		};
		6FCE2C372B910D6E00D0801D /* Defaults */ = {
			isa = PBXGroup;
			children = (
				6FCE2C382B910D8100D0801D /* UserDefaultsManager.swift */,
			);
			path = Defaults;
			sourceTree = "<group>";
		};
		6FD062382B87A2550061096F /* ReportModule */ = {
			isa = PBXGroup;
			children = (
				6FD0623B2B87A2A50061096F /* Model */,
				6FD0623A2B87A2A10061096F /* View */,
				6FD062392B87A2990061096F /* Presenter */,
			);
			path = ReportModule;
			sourceTree = "<group>";
		};
		6FD062392B87A2990061096F /* Presenter */ = {
			isa = PBXGroup;
			children = (
				6F40C9672B88CFB600CB3226 /* ReportPresenter.swift */,
			);
			path = Presenter;
			sourceTree = "<group>";
		};
		6FD0623A2B87A2A10061096F /* View */ = {
			isa = PBXGroup;
			children = (
				6FD0623C2B87A2C20061096F /* ReportViewController.swift */,
				6F40C9692B88FFA000CB3226 /* StoryCollectionViewCell.swift */,
				6F40C96B2B88FFAC00CB3226 /* QuoteCollectionViewCell.swift */,
			);
			path = View;
			sourceTree = "<group>";
		};
		6FD0623B2B87A2A50061096F /* Model */ = {
			isa = PBXGroup;
			children = (
				6F40C96D2B890DDB00CB3226 /* ReportModel.swift */,
			);
			path = Model;
			sourceTree = "<group>";
		};
		6FF0DE472B6E4B27007C51F8 /* Extensions */ = {
			isa = PBXGroup;
			children = (
				6F61E4C82B5E997500F8AB20 /* UIColor+Extension.swift */,
				6F61E4CA2B5E9AB700F8AB20 /* UIFont+Extension.swift */,
				6F61E4CE2B5EA58600F8AB20 /* String+Extension.swift */,
				6F4580E42B601A0E00869FF9 /* NSObject+Extension.swift */,
				6F36899E2B6C07870052BAB7 /* UIViewController+Extension.swift */,
				6F06686B2B838987003D8925 /* Date+Extension.swift */,
				6FFB7F1D2B975AD1000CD639 /* Formatter+Extension.swift */,
			);
			path = Extensions;
			sourceTree = "<group>";
		};
		6FFB7F1F2B975F1A000CD639 /* PersonalInfoModule */ = {
			isa = PBXGroup;
			children = (
				6FFB7F222B975F3A000CD639 /* Model */,
				6FFB7F212B975F35000CD639 /* View */,
				6FFB7F202B975F30000CD639 /* Presenter */,
			);
			path = PersonalInfoModule;
			sourceTree = "<group>";
		};
		6FFB7F202B975F30000CD639 /* Presenter */ = {
			isa = PBXGroup;
			children = (
			);
			path = Presenter;
			sourceTree = "<group>";
		};
		6FFB7F212B975F35000CD639 /* View */ = {
			isa = PBXGroup;
			children = (
			);
			path = View;
			sourceTree = "<group>";
		};
		6FFB7F222B975F3A000CD639 /* Model */ = {
			isa = PBXGroup;
			children = (
			);
			path = Model;
			sourceTree = "<group>";
		};
/* End PBXGroup section */

/* Begin PBXNativeTarget section */
		6F61E4972B5D8A0B00F8AB20 /* KirisShygysAppStore */ = {
			isa = PBXNativeTarget;
			buildConfigurationList = 6F61E4AC2B5D8A0D00F8AB20 /* Build configuration list for PBXNativeTarget "KirisShygysAppStore" */;
			buildPhases = (
				6F61E4942B5D8A0B00F8AB20 /* Sources */,
				6F61E4952B5D8A0B00F8AB20 /* Frameworks */,
				6F61E4962B5D8A0B00F8AB20 /* Resources */,
				6F61E4EC2B5EDC4500F8AB20 /* Embed Frameworks */,
			);
			buildRules = (
			);
			dependencies = (
			);
			name = KirisShygysAppStore;
			packageProductDependencies = (
				6F4580D82B5EE1D600869FF9 /* SnapKit */,
				6F6444412B6580B70018238D /* FirebaseAnalytics */,
				6F6444432B6580B70018238D /* FirebaseAnalyticsOnDeviceConversion */,
				6F6444452B6580B70018238D /* FirebaseAnalyticsSwift */,
				6F6444472B6580B70018238D /* FirebaseAnalyticsWithoutAdIdSupport */,
				6F6444492B6580B70018238D /* FirebaseAppCheck */,
				6F64444B2B6580B70018238D /* FirebaseAppDistribution-Beta */,
				6F64444D2B6580B70018238D /* FirebaseAuth */,
				6F64444F2B6580B70018238D /* FirebaseAuthCombine-Community */,
				6F6444512B6580B70018238D /* FirebaseCrashlytics */,
				6F6444532B6580B70018238D /* FirebaseDatabase */,
				6F6444552B6580B70018238D /* FirebaseDatabaseSwift */,
				6F6444572B6580B70018238D /* FirebaseDynamicLinks */,
				6F6444592B6580B70018238D /* FirebaseFirestore */,
				6F64445B2B6580B70018238D /* FirebaseFirestoreCombine-Community */,
				6F64445D2B6580B70018238D /* FirebaseFirestoreSwift */,
				6F64445F2B6580B70018238D /* FirebaseFunctions */,
				6F6444612B6580B70018238D /* FirebaseFunctionsCombine-Community */,
				6F6444632B6580B70018238D /* FirebaseInAppMessaging-Beta */,
				6F6444652B6580B70018238D /* FirebaseInAppMessagingSwift-Beta */,
				6F6444672B6580B70018238D /* FirebaseInstallations */,
				6F6444692B6580B70018238D /* FirebaseMLModelDownloader */,
				6F64446B2B6580B70018238D /* FirebaseMessaging */,
				6F64446D2B6580B70018238D /* FirebasePerformance */,
				6F64446F2B6580B70018238D /* FirebaseRemoteConfig */,
				6F6444712B6580B70018238D /* FirebaseRemoteConfigSwift */,
				6F6444732B6580B70018238D /* FirebaseStorage */,
				6F6444752B6580B70018238D /* FirebaseStorageCombine-Community */,
				6F075C992B907942003557F6 /* DGCharts */,
			);
			productName = KirisShygysAppAppStoreVersion;
			productReference = 6F4580D62B5EDFB200869FF9 /* KirisShygysAppStore.app */;
			productType = "com.apple.product-type.application";
		};
/* End PBXNativeTarget section */

/* Begin PBXProject section */
		6F61E4902B5D8A0B00F8AB20 /* Project object */ = {
			isa = PBXProject;
			attributes = {
				BuildIndependentTargetsInParallel = 1;
				LastSwiftUpdateCheck = 1500;
				LastUpgradeCheck = 1500;
				TargetAttributes = {
					6F61E4972B5D8A0B00F8AB20 = {
						CreatedOnToolsVersion = 15.0.1;
					};
				};
			};
			buildConfigurationList = 6F61E4932B5D8A0B00F8AB20 /* Build configuration list for PBXProject "KirisShygysAppStore" */;
			compatibilityVersion = "Xcode 14.0";
			developmentRegion = "kk-KZ";
			hasScannedForEncodings = 0;
			knownRegions = (
				en,
				Base,
				ru,
				"kk-KZ",
				kk,
			);
			mainGroup = 6F61E48F2B5D8A0B00F8AB20;
			packageReferences = (
				6F4580D72B5EE1D600869FF9 /* XCRemoteSwiftPackageReference "SnapKit" */,
				6F6444402B6580B70018238D /* XCRemoteSwiftPackageReference "firebase-ios-sdk" */,
				6FC809F52B90738200C59B5F /* XCRemoteSwiftPackageReference "Charts" */,
			);
			productRefGroup = 6F61E48F2B5D8A0B00F8AB20;
			projectDirPath = "";
			projectRoot = "";
			targets = (
				6F61E4972B5D8A0B00F8AB20 /* KirisShygysAppStore */,
			);
		};
/* End PBXProject section */

/* Begin PBXResourcesBuildPhase section */
		6F61E4962B5D8A0B00F8AB20 /* Resources */ = {
			isa = PBXResourcesBuildPhase;
			buildActionMask = 2147483647;
			files = (
				6F61E4A82B5D8A0D00F8AB20 /* LaunchScreen.storyboard in Resources */,
				6FB1F18E2B89FFD000D72AD9 /* Roboto-Italic.ttf in Resources */,
				6F6444802B6583BA0018238D /* GoogleService-Info.plist in Resources */,
				6F4580E72B60FB0400869FF9 /* Roboto-Regular.ttf in Resources */,
				6F61E4D92B5EA89800F8AB20 /* Localizable.strings in Resources */,
				6F61E4E82B5ED89C00F8AB20 /* Roboto-Medium.ttf in Resources */,
				6F61E4E62B5ED4B300F8AB20 /* Roboto-Bold.ttf in Resources */,
				6F61E4E52B5ED4B300F8AB20 /* Roboto-Light.ttf in Resources */,
				6F61E4A52B5D8A0D00F8AB20 /* Assets.xcassets in Resources */,
			);
			runOnlyForDeploymentPostprocessing = 0;
		};
/* End PBXResourcesBuildPhase section */

/* Begin PBXSourcesBuildPhase section */
		6F61E4942B5D8A0B00F8AB20 /* Sources */ = {
			isa = PBXSourcesBuildPhase;
			buildActionMask = 2147483647;
			files = (
				6F61E4DF2B5EA8F100F8AB20 /* OnboardingCollectionCell.swift in Sources */,
				6F61E4A02B5D8A0B00F8AB20 /* OnboardingViewController.swift in Sources */,
				6F06686C2B838987003D8925 /* Date+Extension.swift in Sources */,
				6F0668742B839F15003D8925 /* FilterModel.swift in Sources */,
				6F61E49C2B5D8A0B00F8AB20 /* AppDelegate.swift in Sources */,
				6FCE2C152B90BA5F00D0801D /* LanguageModel.swift in Sources */,
				6F61E4CD2B5EA50700F8AB20 /* OnboardingModel.swift in Sources */,
				6FC613F52B84D30E0088CFD1 /* DetailedTableViewCell.swift in Sources */,
				6FA057332B87235200F36C9A /* SelfSizingTableView.swift in Sources */,
				6F6444932B6688880018238D /* AuthorizationPresenter.swift in Sources */,
				6F0B87482B618DD000434150 /* OnboardingPresenter.swift in Sources */,
				6F40C9682B88CFB600CB3226 /* ReportPresenter.swift in Sources */,
				6F6444902B663A130018238D /* HomeViewController.swift in Sources */,
				6F36899F2B6C07870052BAB7 /* UIViewController+Extension.swift in Sources */,
				6F705A382B7B60CF0029CB66 /* TransactionModel.swift in Sources */,
				6FC613F32B84D2E80088CFD1 /* DetailedTransactionInfoView.swift in Sources */,
				6FFD497A2B8BA0F700C01286 /* ErrorModel.swift in Sources */,
				6FA057372B875CE400F36C9A /* ServicesPresenter.swift in Sources */,
				6F40C96A2B88FFA000CB3226 /* StoryCollectionViewCell.swift in Sources */,
				6F71A7862B8DEFF40099FED9 /* MoneyFlowTableViewCell.swift in Sources */,
				6F705A362B7B5EF90029CB66 /* UserDataService.swift in Sources */,
				6F6444832B6586400018238D /* RegistrationPresenter.swift in Sources */,
				6F61E4CF2B5EA58600F8AB20 /* String+Extension.swift in Sources */,
				6F06686A2B83828C003D8925 /* HistoryModel.swift in Sources */,
				6F6444882B65A0180018238D /* LoaderView.swift in Sources */,
				6FD0623D2B87A2C20061096F /* ReportViewController.swift in Sources */,
				6F78ACEE2B8CF6470096B2CC /* StatisticsViewController.swift in Sources */,
				6FCE2C0F2B90969400D0801D /* LanguageViewController.swift in Sources */,
				6FA432322B62946E00F79721 /* RegistrationViewController.swift in Sources */,
				6F40C96E2B890DDB00CB3226 /* ReportModel.swift in Sources */,
				6FCE2C052B9085A600D0801D /* SettingsViewController.swift in Sources */,
				6F61E49E2B5D8A0B00F8AB20 /* SceneDelegate.swift in Sources */,
				6F64447E2B65813D0018238D /* NetworkModel.swift in Sources */,
				6FF0DE442B6E2699007C51F8 /* TabBarContoller.swift in Sources */,
				6FFB7F1E2B975AD1000CD639 /* Formatter+Extension.swift in Sources */,
				6FA057092B8672A900F36C9A /* OptionButton.swift in Sources */,
				6F6444852B6593650018238D /* Validator.swift in Sources */,
				6F40C96C2B88FFAC00CB3226 /* QuoteCollectionViewCell.swift in Sources */,
				6F64448B2B66388C0018238D /* AlertManager.swift in Sources */,
				6F71A7842B8DC3290099FED9 /* AbsenceDataView.swift in Sources */,
				6F0668662B825762003D8925 /* HistoryPresenter.swift in Sources */,
				6FD2B96F2B8A7D39005A48CA /* NetworkErrorHandler.swift in Sources */,
				6F61E4CB2B5E9AB700F8AB20 /* UIFont+Extension.swift in Sources */,
				6F61E4C92B5E997500F8AB20 /* UIColor+Extension.swift in Sources */,
				6F71A7802B8DBAC70099FED9 /* StatisticsModel.swift in Sources */,
				6F0B87462B6141F200434150 /* AuthorizationViewController.swift in Sources */,
				6F6444352B65804A0018238D /* AuthenticationService.swift in Sources */,
				6F0668682B8294EE003D8925 /* HistoryTableViewCell.swift in Sources */,
				6FF0DE462B6E26C3007C51F8 /* CustomTabBar.swift in Sources */,
				6FCE2C112B90A19300D0801D /* LanguagePresenter.swift in Sources */,
				6FCE2C092B90893D00D0801D /* ServicesModel.swift in Sources */,
				6F705A3A2B7BA0420029CB66 /* NotificationCenterEnum.swift in Sources */,
				6F0E031E2B7921C200B9FF21 /* TransactionTableViewCell.swift in Sources */,
				6FCE2C392B910D8100D0801D /* UserDefaultsManager.swift in Sources */,
				6FCE2C132B90B29E00D0801D /* LanguageTableViewCell.swift in Sources */,
				6F74A7132B80AF80009433EF /* HomeModel.swift in Sources */,
				6F4580E52B601A0E00869FF9 /* NSObject+Extension.swift in Sources */,
				6F6444792B6580ED0018238D /* AuthorizationModel.swift in Sources */,
				6F0E031C2B78EE5F00B9FF21 /* HomePresenter.swift in Sources */,
				6F0668722B839820003D8925 /* FilterViewController.swift in Sources */,
				6FF0DE4B2B6E4B9B007C51F8 /* ExtendedTapAreaButton.swift in Sources */,
				6F705A342B7B5E800029CB66 /* TransactionPresenter.swift in Sources */,
				6FCE2C072B9085E100D0801D /* SettingsPresenter.swift in Sources */,
				6F0E03242B7A355300B9FF21 /* TransactionViewController.swift in Sources */,
				6FA057312B87151600F36C9A /* ServicesViewController.swift in Sources */,
				6F0668642B825735003D8925 /* HistoryViewController.swift in Sources */,
				6FA057352B8723CC00F36C9A /* MenuTableViewCell.swift in Sources */,
				6F71A7822B8DBB660099FED9 /* StatisticsPresenter.swift in Sources */,
				6F64447C2B6581290018238D /* RegistrationModel.swift in Sources */,
			);
			runOnlyForDeploymentPostprocessing = 0;
		};
/* End PBXSourcesBuildPhase section */

/* Begin PBXVariantGroup section */
		6F61E4A62B5D8A0D00F8AB20 /* LaunchScreen.storyboard */ = {
			isa = PBXVariantGroup;
			children = (
				6F61E4A72B5D8A0D00F8AB20 /* Base */,
				6F61E4DC2B5EA8B000F8AB20 /* ru */,
				6FB1F1912B8A343B00D72AD9 /* kk */,
				6FCE2C3E2B911EFB00D0801D /* kk-KZ */,
			);
			name = LaunchScreen.storyboard;
			sourceTree = "<group>";
		};
		6F61E4DB2B5EA89800F8AB20 /* Localizable.strings */ = {
			isa = PBXVariantGroup;
			children = (
				6F61E4DA2B5EA89800F8AB20 /* en */,
				6F61E4DD2B5EA8B000F8AB20 /* ru */,
				6FB1F1902B8A30BF00D72AD9 /* kk-KZ */,
				6FB1F1922B8A343B00D72AD9 /* kk */,
			);
			name = Localizable.strings;
			sourceTree = "<group>";
		};
/* End PBXVariantGroup section */

/* Begin XCBuildConfiguration section */
		6F61E4AA2B5D8A0D00F8AB20 /* Debug */ = {
			isa = XCBuildConfiguration;
			buildSettings = {
				ALWAYS_SEARCH_USER_PATHS = NO;
				ASSETCATALOG_COMPILER_GENERATE_SWIFT_ASSET_SYMBOL_EXTENSIONS = YES;
				CLANG_ANALYZER_LOCALIZABILITY_NONLOCALIZED = YES;
				CLANG_ANALYZER_NONNULL = YES;
				CLANG_ANALYZER_NUMBER_OBJECT_CONVERSION = YES_AGGRESSIVE;
				CLANG_CXX_LANGUAGE_STANDARD = "gnu++20";
				CLANG_ENABLE_MODULES = YES;
				CLANG_ENABLE_OBJC_ARC = YES;
				CLANG_ENABLE_OBJC_WEAK = YES;
				CLANG_WARN_BLOCK_CAPTURE_AUTORELEASING = YES;
				CLANG_WARN_BOOL_CONVERSION = YES;
				CLANG_WARN_COMMA = YES;
				CLANG_WARN_CONSTANT_CONVERSION = YES;
				CLANG_WARN_DEPRECATED_OBJC_IMPLEMENTATIONS = YES;
				CLANG_WARN_DIRECT_OBJC_ISA_USAGE = YES_ERROR;
				CLANG_WARN_DOCUMENTATION_COMMENTS = YES;
				CLANG_WARN_EMPTY_BODY = YES;
				CLANG_WARN_ENUM_CONVERSION = YES;
				CLANG_WARN_INFINITE_RECURSION = YES;
				CLANG_WARN_INT_CONVERSION = YES;
				CLANG_WARN_NON_LITERAL_NULL_CONVERSION = YES;
				CLANG_WARN_OBJC_IMPLICIT_RETAIN_SELF = YES;
				CLANG_WARN_OBJC_LITERAL_CONVERSION = YES;
				CLANG_WARN_OBJC_ROOT_CLASS = YES_ERROR;
				CLANG_WARN_QUOTED_INCLUDE_IN_FRAMEWORK_HEADER = YES;
				CLANG_WARN_RANGE_LOOP_ANALYSIS = YES;
				CLANG_WARN_STRICT_PROTOTYPES = YES;
				CLANG_WARN_SUSPICIOUS_MOVE = YES;
				CLANG_WARN_UNGUARDED_AVAILABILITY = YES_AGGRESSIVE;
				CLANG_WARN_UNREACHABLE_CODE = YES;
				CLANG_WARN__DUPLICATE_METHOD_MATCH = YES;
				COPY_PHASE_STRIP = NO;
				DEBUG_INFORMATION_FORMAT = dwarf;
				ENABLE_STRICT_OBJC_MSGSEND = YES;
				ENABLE_TESTABILITY = YES;
				ENABLE_USER_SCRIPT_SANDBOXING = YES;
				GCC_C_LANGUAGE_STANDARD = gnu17;
				GCC_DYNAMIC_NO_PIC = NO;
				GCC_NO_COMMON_BLOCKS = YES;
				GCC_OPTIMIZATION_LEVEL = 0;
				GCC_PREPROCESSOR_DEFINITIONS = (
					"DEBUG=1",
					"$(inherited)",
				);
				GCC_WARN_64_TO_32_BIT_CONVERSION = YES;
				GCC_WARN_ABOUT_RETURN_TYPE = YES_ERROR;
				GCC_WARN_UNDECLARED_SELECTOR = YES;
				GCC_WARN_UNINITIALIZED_AUTOS = YES_AGGRESSIVE;
				GCC_WARN_UNUSED_FUNCTION = YES;
				GCC_WARN_UNUSED_VARIABLE = YES;
				INFOPLIST_FILE = KirisShygysAppStore/AppConfiguration/Info.plist;
				IPHONEOS_DEPLOYMENT_TARGET = 15.0;
				LOCALIZATION_PREFERS_STRING_CATALOGS = YES;
				MTL_ENABLE_DEBUG_INFO = INCLUDE_SOURCE;
				MTL_FAST_MATH = YES;
				ONLY_ACTIVE_ARCH = YES;
				SDKROOT = iphoneos;
				SWIFT_ACTIVE_COMPILATION_CONDITIONS = "DEBUG $(inherited)";
				SWIFT_OPTIMIZATION_LEVEL = "-Onone";
			};
			name = Debug;
		};
		6F61E4AB2B5D8A0D00F8AB20 /* Release */ = {
			isa = XCBuildConfiguration;
			buildSettings = {
				ALWAYS_SEARCH_USER_PATHS = NO;
				ASSETCATALOG_COMPILER_GENERATE_SWIFT_ASSET_SYMBOL_EXTENSIONS = YES;
				CLANG_ANALYZER_LOCALIZABILITY_NONLOCALIZED = YES;
				CLANG_ANALYZER_NONNULL = YES;
				CLANG_ANALYZER_NUMBER_OBJECT_CONVERSION = YES_AGGRESSIVE;
				CLANG_CXX_LANGUAGE_STANDARD = "gnu++20";
				CLANG_ENABLE_MODULES = YES;
				CLANG_ENABLE_OBJC_ARC = YES;
				CLANG_ENABLE_OBJC_WEAK = YES;
				CLANG_WARN_BLOCK_CAPTURE_AUTORELEASING = YES;
				CLANG_WARN_BOOL_CONVERSION = YES;
				CLANG_WARN_COMMA = YES;
				CLANG_WARN_CONSTANT_CONVERSION = YES;
				CLANG_WARN_DEPRECATED_OBJC_IMPLEMENTATIONS = YES;
				CLANG_WARN_DIRECT_OBJC_ISA_USAGE = YES_ERROR;
				CLANG_WARN_DOCUMENTATION_COMMENTS = YES;
				CLANG_WARN_EMPTY_BODY = YES;
				CLANG_WARN_ENUM_CONVERSION = YES;
				CLANG_WARN_INFINITE_RECURSION = YES;
				CLANG_WARN_INT_CONVERSION = YES;
				CLANG_WARN_NON_LITERAL_NULL_CONVERSION = YES;
				CLANG_WARN_OBJC_IMPLICIT_RETAIN_SELF = YES;
				CLANG_WARN_OBJC_LITERAL_CONVERSION = YES;
				CLANG_WARN_OBJC_ROOT_CLASS = YES_ERROR;
				CLANG_WARN_QUOTED_INCLUDE_IN_FRAMEWORK_HEADER = YES;
				CLANG_WARN_RANGE_LOOP_ANALYSIS = YES;
				CLANG_WARN_STRICT_PROTOTYPES = YES;
				CLANG_WARN_SUSPICIOUS_MOVE = YES;
				CLANG_WARN_UNGUARDED_AVAILABILITY = YES_AGGRESSIVE;
				CLANG_WARN_UNREACHABLE_CODE = YES;
				CLANG_WARN__DUPLICATE_METHOD_MATCH = YES;
				COPY_PHASE_STRIP = NO;
				DEBUG_INFORMATION_FORMAT = "dwarf-with-dsym";
				ENABLE_NS_ASSERTIONS = NO;
				ENABLE_STRICT_OBJC_MSGSEND = YES;
				ENABLE_USER_SCRIPT_SANDBOXING = YES;
				GCC_C_LANGUAGE_STANDARD = gnu17;
				GCC_NO_COMMON_BLOCKS = YES;
				GCC_WARN_64_TO_32_BIT_CONVERSION = YES;
				GCC_WARN_ABOUT_RETURN_TYPE = YES_ERROR;
				GCC_WARN_UNDECLARED_SELECTOR = YES;
				GCC_WARN_UNINITIALIZED_AUTOS = YES_AGGRESSIVE;
				GCC_WARN_UNUSED_FUNCTION = YES;
				GCC_WARN_UNUSED_VARIABLE = YES;
				INFOPLIST_FILE = KirisShygysAppStore/AppConfiguration/Info.plist;
				IPHONEOS_DEPLOYMENT_TARGET = 15.0;
				LOCALIZATION_PREFERS_STRING_CATALOGS = YES;
				MTL_ENABLE_DEBUG_INFO = NO;
				MTL_FAST_MATH = YES;
				SDKROOT = iphoneos;
				SWIFT_COMPILATION_MODE = wholemodule;
				VALIDATE_PRODUCT = YES;
			};
			name = Release;
		};
		6F61E4AD2B5D8A0D00F8AB20 /* Debug */ = {
			isa = XCBuildConfiguration;
			buildSettings = {
				ASSETCATALOG_COMPILER_APPICON_NAME = AppIcon;
				ASSETCATALOG_COMPILER_GLOBAL_ACCENT_COLOR_NAME = AccentColor;
				CODE_SIGN_STYLE = Automatic;
				CURRENT_PROJECT_VERSION = 1;
				DEVELOPMENT_TEAM = FDQK3FFVD6;
				GENERATE_INFOPLIST_FILE = YES;
				INFOPLIST_FILE = KirisShygysAppStore/AppConfiguration/Info.plist;
				INFOPLIST_KEY_CFBundleDisplayName = "kiris shygys";
				INFOPLIST_KEY_UIApplicationSupportsIndirectInputEvents = YES;
				INFOPLIST_KEY_UILaunchStoryboardName = LaunchScreen;
				INFOPLIST_KEY_UISupportedInterfaceOrientations = UIInterfaceOrientationPortrait;
				INFOPLIST_KEY_UISupportedInterfaceOrientations_iPad = "UIInterfaceOrientationLandscapeLeft UIInterfaceOrientationLandscapeRight UIInterfaceOrientationPortrait UIInterfaceOrientationPortraitUpsideDown";
				IPHONEOS_DEPLOYMENT_TARGET = 15.0;
				LD_RUNPATH_SEARCH_PATHS = (
					"$(inherited)",
					"@executable_path/Frameworks",
				);
				MARKETING_VERSION = 1.0;
				PRODUCT_BUNDLE_IDENTIFIER = nuriks.KirisShygysAppAppStoreVersion;
				PRODUCT_NAME = "$(TARGET_NAME)";
				SUPPORTED_PLATFORMS = "iphoneos iphonesimulator";
				SUPPORTS_MACCATALYST = NO;
				SUPPORTS_MAC_DESIGNED_FOR_IPHONE_IPAD = NO;
				SWIFT_EMIT_LOC_STRINGS = YES;
				SWIFT_VERSION = 5.0;
				TARGETED_DEVICE_FAMILY = 1;
			};
			name = Debug;
		};
		6F61E4AE2B5D8A0D00F8AB20 /* Release */ = {
			isa = XCBuildConfiguration;
			buildSettings = {
				ASSETCATALOG_COMPILER_APPICON_NAME = AppIcon;
				ASSETCATALOG_COMPILER_GLOBAL_ACCENT_COLOR_NAME = AccentColor;
				CODE_SIGN_STYLE = Automatic;
				CURRENT_PROJECT_VERSION = 1;
				DEVELOPMENT_TEAM = FDQK3FFVD6;
				GENERATE_INFOPLIST_FILE = YES;
				INFOPLIST_FILE = KirisShygysAppStore/AppConfiguration/Info.plist;
				INFOPLIST_KEY_CFBundleDisplayName = "kiris shygys";
				INFOPLIST_KEY_UIApplicationSupportsIndirectInputEvents = YES;
				INFOPLIST_KEY_UILaunchStoryboardName = LaunchScreen;
				INFOPLIST_KEY_UISupportedInterfaceOrientations = UIInterfaceOrientationPortrait;
				INFOPLIST_KEY_UISupportedInterfaceOrientations_iPad = "UIInterfaceOrientationLandscapeLeft UIInterfaceOrientationLandscapeRight UIInterfaceOrientationPortrait UIInterfaceOrientationPortraitUpsideDown";
				IPHONEOS_DEPLOYMENT_TARGET = 15.0;
				LD_RUNPATH_SEARCH_PATHS = (
					"$(inherited)",
					"@executable_path/Frameworks",
				);
				MARKETING_VERSION = 1.0;
				PRODUCT_BUNDLE_IDENTIFIER = nuriks.KirisShygysAppAppStoreVersion;
				PRODUCT_NAME = "$(TARGET_NAME)";
				SUPPORTED_PLATFORMS = "iphoneos iphonesimulator";
				SUPPORTS_MACCATALYST = NO;
				SUPPORTS_MAC_DESIGNED_FOR_IPHONE_IPAD = NO;
				SWIFT_EMIT_LOC_STRINGS = YES;
				SWIFT_VERSION = 5.0;
				TARGETED_DEVICE_FAMILY = 1;
			};
			name = Release;
		};
/* End XCBuildConfiguration section */

/* Begin XCConfigurationList section */
		6F61E4932B5D8A0B00F8AB20 /* Build configuration list for PBXProject "KirisShygysAppStore" */ = {
			isa = XCConfigurationList;
			buildConfigurations = (
				6F61E4AA2B5D8A0D00F8AB20 /* Debug */,
				6F61E4AB2B5D8A0D00F8AB20 /* Release */,
			);
			defaultConfigurationIsVisible = 0;
			defaultConfigurationName = Debug;
		};
		6F61E4AC2B5D8A0D00F8AB20 /* Build configuration list for PBXNativeTarget "KirisShygysAppStore" */ = {
			isa = XCConfigurationList;
			buildConfigurations = (
				6F61E4AD2B5D8A0D00F8AB20 /* Debug */,
				6F61E4AE2B5D8A0D00F8AB20 /* Release */,
			);
			defaultConfigurationIsVisible = 0;
			defaultConfigurationName = Debug;
		};
/* End XCConfigurationList section */

/* Begin XCRemoteSwiftPackageReference section */
		6F4580D72B5EE1D600869FF9 /* XCRemoteSwiftPackageReference "SnapKit" */ = {
			isa = XCRemoteSwiftPackageReference;
			repositoryURL = "https://github.com/SnapKit/SnapKit";
			requirement = {
				kind = upToNextMajorVersion;
				minimumVersion = 5.7.0;
			};
		};
		6F6444402B6580B70018238D /* XCRemoteSwiftPackageReference "firebase-ios-sdk" */ = {
			isa = XCRemoteSwiftPackageReference;
			repositoryURL = "https://github.com/firebase/firebase-ios-sdk";
			requirement = {
				kind = upToNextMajorVersion;
				minimumVersion = 10.20.0;
			};
		};
		6FC809F52B90738200C59B5F /* XCRemoteSwiftPackageReference "Charts" */ = {
			isa = XCRemoteSwiftPackageReference;
			repositoryURL = "https://github.com/danielgindi/Charts.git";
			requirement = {
				kind = upToNextMajorVersion;
				minimumVersion = 5.1.0;
			};
		};
/* End XCRemoteSwiftPackageReference section */

/* Begin XCSwiftPackageProductDependency section */
		6F075C992B907942003557F6 /* DGCharts */ = {
			isa = XCSwiftPackageProductDependency;
			package = 6FC809F52B90738200C59B5F /* XCRemoteSwiftPackageReference "Charts" */;
			productName = DGCharts;
		};
		6F4580D82B5EE1D600869FF9 /* SnapKit */ = {
			isa = XCSwiftPackageProductDependency;
			package = 6F4580D72B5EE1D600869FF9 /* XCRemoteSwiftPackageReference "SnapKit" */;
			productName = SnapKit;
		};
		6F6444412B6580B70018238D /* FirebaseAnalytics */ = {
			isa = XCSwiftPackageProductDependency;
			package = 6F6444402B6580B70018238D /* XCRemoteSwiftPackageReference "firebase-ios-sdk" */;
			productName = FirebaseAnalytics;
		};
		6F6444432B6580B70018238D /* FirebaseAnalyticsOnDeviceConversion */ = {
			isa = XCSwiftPackageProductDependency;
			package = 6F6444402B6580B70018238D /* XCRemoteSwiftPackageReference "firebase-ios-sdk" */;
			productName = FirebaseAnalyticsOnDeviceConversion;
		};
		6F6444452B6580B70018238D /* FirebaseAnalyticsSwift */ = {
			isa = XCSwiftPackageProductDependency;
			package = 6F6444402B6580B70018238D /* XCRemoteSwiftPackageReference "firebase-ios-sdk" */;
			productName = FirebaseAnalyticsSwift;
		};
		6F6444472B6580B70018238D /* FirebaseAnalyticsWithoutAdIdSupport */ = {
			isa = XCSwiftPackageProductDependency;
			package = 6F6444402B6580B70018238D /* XCRemoteSwiftPackageReference "firebase-ios-sdk" */;
			productName = FirebaseAnalyticsWithoutAdIdSupport;
		};
		6F6444492B6580B70018238D /* FirebaseAppCheck */ = {
			isa = XCSwiftPackageProductDependency;
			package = 6F6444402B6580B70018238D /* XCRemoteSwiftPackageReference "firebase-ios-sdk" */;
			productName = FirebaseAppCheck;
		};
		6F64444B2B6580B70018238D /* FirebaseAppDistribution-Beta */ = {
			isa = XCSwiftPackageProductDependency;
			package = 6F6444402B6580B70018238D /* XCRemoteSwiftPackageReference "firebase-ios-sdk" */;
			productName = "FirebaseAppDistribution-Beta";
		};
		6F64444D2B6580B70018238D /* FirebaseAuth */ = {
			isa = XCSwiftPackageProductDependency;
			package = 6F6444402B6580B70018238D /* XCRemoteSwiftPackageReference "firebase-ios-sdk" */;
			productName = FirebaseAuth;
		};
		6F64444F2B6580B70018238D /* FirebaseAuthCombine-Community */ = {
			isa = XCSwiftPackageProductDependency;
			package = 6F6444402B6580B70018238D /* XCRemoteSwiftPackageReference "firebase-ios-sdk" */;
			productName = "FirebaseAuthCombine-Community";
		};
		6F6444512B6580B70018238D /* FirebaseCrashlytics */ = {
			isa = XCSwiftPackageProductDependency;
			package = 6F6444402B6580B70018238D /* XCRemoteSwiftPackageReference "firebase-ios-sdk" */;
			productName = FirebaseCrashlytics;
		};
		6F6444532B6580B70018238D /* FirebaseDatabase */ = {
			isa = XCSwiftPackageProductDependency;
			package = 6F6444402B6580B70018238D /* XCRemoteSwiftPackageReference "firebase-ios-sdk" */;
			productName = FirebaseDatabase;
		};
		6F6444552B6580B70018238D /* FirebaseDatabaseSwift */ = {
			isa = XCSwiftPackageProductDependency;
			package = 6F6444402B6580B70018238D /* XCRemoteSwiftPackageReference "firebase-ios-sdk" */;
			productName = FirebaseDatabaseSwift;
		};
		6F6444572B6580B70018238D /* FirebaseDynamicLinks */ = {
			isa = XCSwiftPackageProductDependency;
			package = 6F6444402B6580B70018238D /* XCRemoteSwiftPackageReference "firebase-ios-sdk" */;
			productName = FirebaseDynamicLinks;
		};
		6F6444592B6580B70018238D /* FirebaseFirestore */ = {
			isa = XCSwiftPackageProductDependency;
			package = 6F6444402B6580B70018238D /* XCRemoteSwiftPackageReference "firebase-ios-sdk" */;
			productName = FirebaseFirestore;
		};
		6F64445B2B6580B70018238D /* FirebaseFirestoreCombine-Community */ = {
			isa = XCSwiftPackageProductDependency;
			package = 6F6444402B6580B70018238D /* XCRemoteSwiftPackageReference "firebase-ios-sdk" */;
			productName = "FirebaseFirestoreCombine-Community";
		};
		6F64445D2B6580B70018238D /* FirebaseFirestoreSwift */ = {
			isa = XCSwiftPackageProductDependency;
			package = 6F6444402B6580B70018238D /* XCRemoteSwiftPackageReference "firebase-ios-sdk" */;
			productName = FirebaseFirestoreSwift;
		};
		6F64445F2B6580B70018238D /* FirebaseFunctions */ = {
			isa = XCSwiftPackageProductDependency;
			package = 6F6444402B6580B70018238D /* XCRemoteSwiftPackageReference "firebase-ios-sdk" */;
			productName = FirebaseFunctions;
		};
		6F6444612B6580B70018238D /* FirebaseFunctionsCombine-Community */ = {
			isa = XCSwiftPackageProductDependency;
			package = 6F6444402B6580B70018238D /* XCRemoteSwiftPackageReference "firebase-ios-sdk" */;
			productName = "FirebaseFunctionsCombine-Community";
		};
		6F6444632B6580B70018238D /* FirebaseInAppMessaging-Beta */ = {
			isa = XCSwiftPackageProductDependency;
			package = 6F6444402B6580B70018238D /* XCRemoteSwiftPackageReference "firebase-ios-sdk" */;
			productName = "FirebaseInAppMessaging-Beta";
		};
		6F6444652B6580B70018238D /* FirebaseInAppMessagingSwift-Beta */ = {
			isa = XCSwiftPackageProductDependency;
			package = 6F6444402B6580B70018238D /* XCRemoteSwiftPackageReference "firebase-ios-sdk" */;
			productName = "FirebaseInAppMessagingSwift-Beta";
		};
		6F6444672B6580B70018238D /* FirebaseInstallations */ = {
			isa = XCSwiftPackageProductDependency;
			package = 6F6444402B6580B70018238D /* XCRemoteSwiftPackageReference "firebase-ios-sdk" */;
			productName = FirebaseInstallations;
		};
		6F6444692B6580B70018238D /* FirebaseMLModelDownloader */ = {
			isa = XCSwiftPackageProductDependency;
			package = 6F6444402B6580B70018238D /* XCRemoteSwiftPackageReference "firebase-ios-sdk" */;
			productName = FirebaseMLModelDownloader;
		};
		6F64446B2B6580B70018238D /* FirebaseMessaging */ = {
			isa = XCSwiftPackageProductDependency;
			package = 6F6444402B6580B70018238D /* XCRemoteSwiftPackageReference "firebase-ios-sdk" */;
			productName = FirebaseMessaging;
		};
		6F64446D2B6580B70018238D /* FirebasePerformance */ = {
			isa = XCSwiftPackageProductDependency;
			package = 6F6444402B6580B70018238D /* XCRemoteSwiftPackageReference "firebase-ios-sdk" */;
			productName = FirebasePerformance;
		};
		6F64446F2B6580B70018238D /* FirebaseRemoteConfig */ = {
			isa = XCSwiftPackageProductDependency;
			package = 6F6444402B6580B70018238D /* XCRemoteSwiftPackageReference "firebase-ios-sdk" */;
			productName = FirebaseRemoteConfig;
		};
		6F6444712B6580B70018238D /* FirebaseRemoteConfigSwift */ = {
			isa = XCSwiftPackageProductDependency;
			package = 6F6444402B6580B70018238D /* XCRemoteSwiftPackageReference "firebase-ios-sdk" */;
			productName = FirebaseRemoteConfigSwift;
		};
		6F6444732B6580B70018238D /* FirebaseStorage */ = {
			isa = XCSwiftPackageProductDependency;
			package = 6F6444402B6580B70018238D /* XCRemoteSwiftPackageReference "firebase-ios-sdk" */;
			productName = FirebaseStorage;
		};
		6F6444752B6580B70018238D /* FirebaseStorageCombine-Community */ = {
			isa = XCSwiftPackageProductDependency;
			package = 6F6444402B6580B70018238D /* XCRemoteSwiftPackageReference "firebase-ios-sdk" */;
			productName = "FirebaseStorageCombine-Community";
		};
/* End XCSwiftPackageProductDependency section */
	};
	rootObject = 6F61E4902B5D8A0B00F8AB20 /* Project object */;
}
